Microsoft Visual Studio Solution File, Format Version 12.00
# Visual Studio 14
VisualStudioVersion = 14.0.25420.1
MinimumVisualStudioVersion = 10.0.40219.1
Project("{8BC9CEB8-8B4A-11D0-8D11-00A0C91BC942}") = "Atlas", "Atlas\Atlas.vcxproj", "{B12702AD-ABFB-343A-A199-8E24837244A3}"
	ProjectSection(ProjectDependencies) = postProject
		{3D88CA03-359A-4028-BE4E-BE557304C919} = {3D88CA03-359A-4028-BE4E-BE557304C919}
		{C0AEF34B-4BAE-4BCE-877F-94B53705C413} = {C0AEF34B-4BAE-4BCE-877F-94B53705C413}
		{79F7366C-375A-4400-B32B-A0970C4CF1A9} = {79F7366C-375A-4400-B32B-A0970C4CF1A9}
		{E32C5B6F-C983-4BC2-A3F7-8D0CFD02247D} = {E32C5B6F-C983-4BC2-A3F7-8D0CFD02247D}
		{784479AF-50BB-4B31-BCB1-FBA151622E5B} = {784479AF-50BB-4B31-BCB1-FBA151622E5B}
		{BAF309B5-CDF2-48E9-BAAC-A0BF89E3EBCB} = {BAF309B5-CDF2-48E9-BAAC-A0BF89E3EBCB}
		{B82DB3FB-E3E0-4E02-A124-C8CC2CAE965F} = {B82DB3FB-E3E0-4E02-A124-C8CC2CAE965F}
	EndProjectSection
EndProject
Project("{8BC9CEB8-8B4A-11D0-8D11-00A0C91BC942}") = "OsgOpenVR", "libs\osgopenvrviewer\src\OsgOpenVR.vcxproj", "{F4432DE1-47AA-39CC-A372-A6D6B845F637}"
EndProject
Project("{8BC9CEB8-8B4A-11D0-8D11-00A0C91BC942}") = "CrowdSim", "libs\CrowdSim\CrowdSim.vcxproj", "{D0750D97-4DA2-4643-8CCA-C7C09BA9E752}"
EndProject
Project("{2150E333-8FDC-42A3-9474-1A3956D46DE8}") = "Plugins", "Plugins", "{DD44D0EE-DF7F-410C-988A-107BEA8A0058}"
EndProject
Project("{2150E333-8FDC-42A3-9474-1A3956D46DE8}") = "Core", "Core", "{7310081F-EC06-411F-ACE3-4EDEF7925A5B}"
EndProject
Project("{8BC9CEB8-8B4A-11D0-8D11-00A0C91BC942}") = "DataManager", "core\DataManager\DataManager.vcxproj", "{B82DB3FB-E3E0-4E02-A124-C8CC2CAE965F}"
	ProjectSection(ProjectDependencies) = postProject
		{E32C5B6F-C983-4BC2-A3F7-8D0CFD02247D} = {E32C5B6F-C983-4BC2-A3F7-8D0CFD02247D}
		{BAF309B5-CDF2-48E9-BAAC-A0BF89E3EBCB} = {BAF309B5-CDF2-48E9-BAAC-A0BF89E3EBCB}
	EndProjectSection
EndProject
Project("{8BC9CEB8-8B4A-11D0-8D11-00A0C91BC942}") = "MousePicker", "core\MousePicker\MousePicker.vcxproj", "{784479AF-50BB-4B31-BCB1-FBA151622E5B}"
EndProject
Project("{8BC9CEB8-8B4A-11D0-8D11-00A0C91BC942}") = "MapController", "core\MapController\MapController.vcxproj", "{79F7366C-375A-4400-B32B-A0970C4CF1A9}"
EndProject
Project("{8BC9CEB8-8B4A-11D0-8D11-00A0C91BC942}") = "ViewerWidget", "core\ViewerWidget\ViewerWidget.vcxproj", "{3D88CA03-359A-4028-BE4E-BE557304C919}"
	ProjectSection(ProjectDependencies) = postProject
		{F4432DE1-47AA-39CC-A372-A6D6B845F637} = {F4432DE1-47AA-39CC-A372-A6D6B845F637}
	EndProjectSection
EndProject
Project("{8BC9CEB8-8B4A-11D0-8D11-00A0C91BC942}") = "PluginInterface", "core\PluginInterface\PluginInterface.vcxproj", "{E7A23B93-7A8F-4EE1-9690-4B314C21127F}"
	ProjectSection(ProjectDependencies) = postProject
		{784479AF-50BB-4B31-BCB1-FBA151622E5B} = {784479AF-50BB-4B31-BCB1-FBA151622E5B}
		{BAF309B5-CDF2-48E9-BAAC-A0BF89E3EBCB} = {BAF309B5-CDF2-48E9-BAAC-A0BF89E3EBCB}
	EndProjectSection
EndProject
Project("{8BC9CEB8-8B4A-11D0-8D11-00A0C91BC942}") = "SettingsManager", "core\SettingsManager\SettingsManager.vcxproj", "{BAF309B5-CDF2-48E9-BAAC-A0BF89E3EBCB}"
EndProject
Project("{8BC9CEB8-8B4A-11D0-8D11-00A0C91BC942}") = "AddModel", "plugins\AddModel\AddModel.vcxproj", "{67025351-BCC5-4979-A04C-3A6ADED1A238}"
	ProjectSection(ProjectDependencies) = postProject
		{E7A23B93-7A8F-4EE1-9690-4B314C21127F} = {E7A23B93-7A8F-4EE1-9690-4B314C21127F}
		{D2AB3EA4-38C4-4074-8B30-94182AFDBFE6} = {D2AB3EA4-38C4-4074-8B30-94182AFDBFE6}
	EndProjectSection
EndProject
Project("{8BC9CEB8-8B4A-11D0-8D11-00A0C91BC942}") = "MeasureHeight", "plugins\MeasureHeight\MeasureHeight.vcxproj", "{EBEBF752-03F1-4E81-8A79-A71363E6D983}"
	ProjectSection(ProjectDependencies) = postProject
		{E7A23B93-7A8F-4EE1-9690-4B314C21127F} = {E7A23B93-7A8F-4EE1-9690-4B314C21127F}
	EndProjectSection
EndProject
Project("{2150E333-8FDC-42A3-9474-1A3956D46DE8}") = "ThirdParty", "ThirdParty", "{E6D9C159-DAE0-4C79-8D37-318D41E25CB3}"
EndProject
Project("{8BC9CEB8-8B4A-11D0-8D11-00A0C91BC942}") = "CrowdSimulation", "plugins\CrowdSimulation\CrowdSimulation.vcxproj", "{4D892957-EB8A-4CE4-B649-7BFA37BAF6A5}"
	ProjectSection(ProjectDependencies) = postProject
		{0CE8825F-E2A6-4930-A3EE-5AB37DC90558} = {0CE8825F-E2A6-4930-A3EE-5AB37DC90558}
		{D0750D97-4DA2-4643-8CCA-C7C09BA9E752} = {D0750D97-4DA2-4643-8CCA-C7C09BA9E752}
		{B82DB3FB-E3E0-4E02-A124-C8CC2CAE965F} = {B82DB3FB-E3E0-4E02-A124-C8CC2CAE965F}
	EndProjectSection
EndProject
Project("{8BC9CEB8-8B4A-11D0-8D11-00A0C91BC942}") = "DrawSurfaceLine", "plugins\DrawSurfaceLine\DrawSurfaceLine.vcxproj", "{0CE8825F-E2A6-4930-A3EE-5AB37DC90558}"
	ProjectSection(ProjectDependencies) = postProject
		{E7A23B93-7A8F-4EE1-9690-4B314C21127F} = {E7A23B93-7A8F-4EE1-9690-4B314C21127F}
	EndProjectSection
EndProject
Project("{8BC9CEB8-8B4A-11D0-8D11-00A0C91BC942}") = "DrawSurfacePolygon", "plugins\DrawSurfacePolygon\DrawSurfacePolygon.vcxproj", "{DAEC222A-4E69-43AF-8ECB-F37468BDAEDB}"
	ProjectSection(ProjectDependencies) = postProject
		{0CE8825F-E2A6-4930-A3EE-5AB37DC90558} = {0CE8825F-E2A6-4930-A3EE-5AB37DC90558}
	EndProjectSection
EndProject
Project("{8BC9CEB8-8B4A-11D0-8D11-00A0C91BC942}") = "ModelPath", "plugins\ModelPath\ModelPath.vcxproj", "{65A24E27-F976-4C97-88C2-EDDBEF79478E}"
	ProjectSection(ProjectDependencies) = postProject
		{0CE8825F-E2A6-4930-A3EE-5AB37DC90558} = {0CE8825F-E2A6-4930-A3EE-5AB37DC90558}
	EndProjectSection
EndProject
Project("{8BC9CEB8-8B4A-11D0-8D11-00A0C91BC942}") = "MeasureTerrainArea", "plugins\MeasureTerrainArea\MeasureTerrainArea.vcxproj", "{E1D55985-1879-4C08-BD0F-6E3357A05A6F}"
	ProjectSection(ProjectDependencies) = postProject
		{DAEC222A-4E69-43AF-8ECB-F37468BDAEDB} = {DAEC222A-4E69-43AF-8ECB-F37468BDAEDB}
	EndProjectSection
EndProject
Project("{8BC9CEB8-8B4A-11D0-8D11-00A0C91BC942}") = "MeasureTerrainVolume", "plugins\MeasureTerrainVolume\MeasureTerrainVolume.vcxproj", "{43B26FE9-8696-4F89-B8AF-F2CED84D6626}"
	ProjectSection(ProjectDependencies) = postProject
		{DAEC222A-4E69-43AF-8ECB-F37468BDAEDB} = {DAEC222A-4E69-43AF-8ECB-F37468BDAEDB}
		{E1D55985-1879-4C08-BD0F-6E3357A05A6F} = {E1D55985-1879-4C08-BD0F-6E3357A05A6F}
		{3EB8D0F6-B52B-4BEC-8E94-2987616681AC} = {3EB8D0F6-B52B-4BEC-8E94-2987616681AC}
	EndProjectSection
EndProject
Project("{8BC9CEB8-8B4A-11D0-8D11-00A0C91BC942}") = "ModelFlatten", "plugins\ModelFlatten\ModelFlatten.vcxproj", "{18B778FC-4042-440A-9DAF-BEB0B6951AEA}"
	ProjectSection(ProjectDependencies) = postProject
		{DAEC222A-4E69-43AF-8ECB-F37468BDAEDB} = {DAEC222A-4E69-43AF-8ECB-F37468BDAEDB}
	EndProjectSection
EndProject
Project("{8BC9CEB8-8B4A-11D0-8D11-00A0C91BC942}") = "ElevationSlice", "plugins\ElevationSlice\ElevationSlice.vcxproj", "{ACC97F80-083C-4015-8E87-15F84B3EC1FC}"
	ProjectSection(ProjectDependencies) = postProject
		{0CE8825F-E2A6-4930-A3EE-5AB37DC90558} = {0CE8825F-E2A6-4930-A3EE-5AB37DC90558}
	EndProjectSection
EndProject
Project("{8BC9CEB8-8B4A-11D0-8D11-00A0C91BC942}") = "DiffAnalysis", "plugins\DiffAnalysis\DiffAnalysis.vcxproj", "{9F8D2E42-3275-4606-A816-02A27DFA22C6}"
	ProjectSection(ProjectDependencies) = postProject
		{3D88CA03-359A-4028-BE4E-BE557304C919} = {3D88CA03-359A-4028-BE4E-BE557304C919}
		{DAEC222A-4E69-43AF-8ECB-F37468BDAEDB} = {DAEC222A-4E69-43AF-8ECB-F37468BDAEDB}
	EndProjectSection
EndProject
Project("{8BC9CEB8-8B4A-11D0-8D11-00A0C91BC942}") = "OrthoMap", "plugins\OrthoMap\OrthoMap.vcxproj", "{A74370EF-DE2F-40D2-AF38-266BF7AB1675}"
	ProjectSection(ProjectDependencies) = postProject
		{DAEC222A-4E69-43AF-8ECB-F37468BDAEDB} = {DAEC222A-4E69-43AF-8ECB-F37468BDAEDB}
	EndProjectSection
EndProject
Project("{8BC9CEB8-8B4A-11D0-8D11-00A0C91BC942}") = "DrawLine", "plugins\DrawLine\DrawLine.vcxproj", "{A9C0FF15-B0CC-42A7-85B6-EC6560284E07}"
	ProjectSection(ProjectDependencies) = postProject
		{E7A23B93-7A8F-4EE1-9690-4B314C21127F} = {E7A23B93-7A8F-4EE1-9690-4B314C21127F}
	EndProjectSection
EndProject
Project("{8BC9CEB8-8B4A-11D0-8D11-00A0C91BC942}") = "DrawCircle", "plugins\DrawCircle\DrawCircle.vcxproj", "{C0CB8224-710B-4EDC-8BAB-9E29EEE368A2}"
	ProjectSection(ProjectDependencies) = postProject
		{E7A23B93-7A8F-4EE1-9690-4B314C21127F} = {E7A23B93-7A8F-4EE1-9690-4B314C21127F}
	EndProjectSection
EndProject
Project("{8BC9CEB8-8B4A-11D0-8D11-00A0C91BC942}") = "MeasureLine", "plugins\MeasureLine\MeasureLine.vcxproj", "{EEA43084-2A68-4C30-B676-3BB85AAF7AF7}"
	ProjectSection(ProjectDependencies) = postProject
		{A9C0FF15-B0CC-42A7-85B6-EC6560284E07} = {A9C0FF15-B0CC-42A7-85B6-EC6560284E07}
	EndProjectSection
EndProject
Project("{8BC9CEB8-8B4A-11D0-8D11-00A0C91BC942}") = "TileSelect", "plugins\TileSelect\TileSelect.vcxproj", "{6CB92251-B3CC-445D-926A-3BA5FF7F477B}"
	ProjectSection(ProjectDependencies) = postProject
		{E7A23B93-7A8F-4EE1-9690-4B314C21127F} = {E7A23B93-7A8F-4EE1-9690-4B314C21127F}
		{B82DB3FB-E3E0-4E02-A124-C8CC2CAE965F} = {B82DB3FB-E3E0-4E02-A124-C8CC2CAE965F}
	EndProjectSection
EndProject
Project("{8BC9CEB8-8B4A-11D0-8D11-00A0C91BC942}") = "InsolationAnalysis", "plugins\InsolationAnalysis\InsolationAnalysis.vcxproj", "{1C460CD6-4426-495C-BF69-C1001C63F085}"
	ProjectSection(ProjectDependencies) = postProject
		{6CB92251-B3CC-445D-926A-3BA5FF7F477B} = {6CB92251-B3CC-445D-926A-3BA5FF7F477B}
	EndProjectSection
EndProject
Project("{8BC9CEB8-8B4A-11D0-8D11-00A0C91BC942}") = "ShowWeather", "plugins\ShowWeather\ShowWeather.vcxproj", "{1F15644D-B0A4-464D-951C-A85711E36E8B}"
	ProjectSection(ProjectDependencies) = postProject
		{E7A23B93-7A8F-4EE1-9690-4B314C21127F} = {E7A23B93-7A8F-4EE1-9690-4B314C21127F}
	EndProjectSection
EndProject
Project("{8BC9CEB8-8B4A-11D0-8D11-00A0C91BC942}") = "MultiView", "plugins\MultiView\MultiView.vcxproj", "{332CA52D-36DA-4FBA-A474-F67A15094DD9}"
	ProjectSection(ProjectDependencies) = postProject
		{3D88CA03-359A-4028-BE4E-BE557304C919} = {3D88CA03-359A-4028-BE4E-BE557304C919}
		{E7A23B93-7A8F-4EE1-9690-4B314C21127F} = {E7A23B93-7A8F-4EE1-9690-4B314C21127F}
		{B82DB3FB-E3E0-4E02-A124-C8CC2CAE965F} = {B82DB3FB-E3E0-4E02-A124-C8CC2CAE965F}
	EndProjectSection
EndProject
Project("{8BC9CEB8-8B4A-11D0-8D11-00A0C91BC942}") = "Locator", "plugins\Locator\Locator.vcxproj", "{B5328ACB-A15D-4B24-A114-29A747D2EF11}"
	ProjectSection(ProjectDependencies) = postProject
		{E32C5B6F-C983-4BC2-A3F7-8D0CFD02247D} = {E32C5B6F-C983-4BC2-A3F7-8D0CFD02247D}
		{E7A23B93-7A8F-4EE1-9690-4B314C21127F} = {E7A23B93-7A8F-4EE1-9690-4B314C21127F}
	EndProjectSection
EndProject
Project("{8BC9CEB8-8B4A-11D0-8D11-00A0C91BC942}") = "DrawPolygon", "plugins\DrawPolygon\DrawPolygon.vcxproj", "{E8DC4E4B-0FAE-40CE-90C7-DF8D7F669DFA}"
	ProjectSection(ProjectDependencies) = postProject
		{E7A23B93-7A8F-4EE1-9690-4B314C21127F} = {E7A23B93-7A8F-4EE1-9690-4B314C21127F}
	EndProjectSection
EndProject
Project("{8BC9CEB8-8B4A-11D0-8D11-00A0C91BC942}") = "MeasureArea", "plugins\MeasureArea\MeasureArea.vcxproj", "{6CE35319-51FC-41F0-9E33-7F5826CF49A0}"
	ProjectSection(ProjectDependencies) = postProject
		{E8DC4E4B-0FAE-40CE-90C7-DF8D7F669DFA} = {E8DC4E4B-0FAE-40CE-90C7-DF8D7F669DFA}
	EndProjectSection
EndProject
Project("{2150E333-8FDC-42A3-9474-1A3956D46DE8}") = "Draw", "Draw", "{36229678-0DA3-456E-892D-2FAFCF743044}"
EndProject
Project("{2150E333-8FDC-42A3-9474-1A3956D46DE8}") = "Data", "Data", "{9A398529-D691-4A05-8CB9-62025743C060}"
EndProject
Project("{2150E333-8FDC-42A3-9474-1A3956D46DE8}") = "Measure", "Measure", "{3B8FB914-B6C0-434F-BEE2-4A80DBE81513}"
EndProject
Project("{2150E333-8FDC-42A3-9474-1A3956D46DE8}") = "Analysis", "Analysis", "{6DDED766-70B5-4D23-9570-2141AA158F09}"
EndProject
Project("{2150E333-8FDC-42A3-9474-1A3956D46DE8}") = "Effect", "Effect", "{6F42AF5B-0C86-448D-8E7A-96AEA4FC2D22}"
EndProject
Project("{8BC9CEB8-8B4A-11D0-8D11-00A0C91BC942}") = "SetRefPlane", "plugins\SetRefPlane\SetRefPlane.vcxproj", "{3EB8D0F6-B52B-4BEC-8E94-2987616681AC}"
	ProjectSection(ProjectDependencies) = postProject
		{E7A23B93-7A8F-4EE1-9690-4B314C21127F} = {E7A23B93-7A8F-4EE1-9690-4B314C21127F}
		{B82DB3FB-E3E0-4E02-A124-C8CC2CAE965F} = {B82DB3FB-E3E0-4E02-A124-C8CC2CAE965F}
	EndProjectSection
EndProject
Project("{8BC9CEB8-8B4A-11D0-8D11-00A0C91BC942}") = "VisibilityTest", "plugins\VisibilityTest\VisibilityTest.vcxproj", "{1055D7A3-B9D7-4DAC-A496-899E485ACE4E}"
	ProjectSection(ProjectDependencies) = postProject
		{E7A23B93-7A8F-4EE1-9690-4B314C21127F} = {E7A23B93-7A8F-4EE1-9690-4B314C21127F}
	EndProjectSection
EndProject
Project("{8BC9CEB8-8B4A-11D0-8D11-00A0C91BC942}") = "VisibilityTestArea", "plugins\VisibilityTestArea\VisibilityTestArea.vcxproj", "{84079E54-8A3F-4436-AE2E-D03346BAF410}"
	ProjectSection(ProjectDependencies) = postProject
		{E7A23B93-7A8F-4EE1-9690-4B314C21127F} = {E7A23B93-7A8F-4EE1-9690-4B314C21127F}
	EndProjectSection
EndProject
Project("{8BC9CEB8-8B4A-11D0-8D11-00A0C91BC942}") = "ContourPlot", "plugins\ContourPlot\ContourPlot.vcxproj", "{1F6153EA-9D3E-415A-8D2F-252BED2C0E5C}"
	ProjectSection(ProjectDependencies) = postProject
		{E7A23B93-7A8F-4EE1-9690-4B314C21127F} = {E7A23B93-7A8F-4EE1-9690-4B314C21127F}
		{B82DB3FB-E3E0-4E02-A124-C8CC2CAE965F} = {B82DB3FB-E3E0-4E02-A124-C8CC2CAE965F}
	EndProjectSection
EndProject
Project("{8BC9CEB8-8B4A-11D0-8D11-00A0C91BC942}") = "SlopAnalysis", "plugins\SlopAnalysis\SlopAnalysis.vcxproj", "{35665731-EBF6-46BD-8223-01AAD39C8BAF}"
	ProjectSection(ProjectDependencies) = postProject
		{3D88CA03-359A-4028-BE4E-BE557304C919} = {3D88CA03-359A-4028-BE4E-BE557304C919}
		{E7A23B93-7A8F-4EE1-9690-4B314C21127F} = {E7A23B93-7A8F-4EE1-9690-4B314C21127F}
		{B82DB3FB-E3E0-4E02-A124-C8CC2CAE965F} = {B82DB3FB-E3E0-4E02-A124-C8CC2CAE965F}
	EndProjectSection
EndProject
Project("{8BC9CEB8-8B4A-11D0-8D11-00A0C91BC942}") = "MeshMode", "plugins\MeshMode\MeshMode.vcxproj", "{E9F281C6-198C-4132-99F1-5367F587CC93}"
	ProjectSection(ProjectDependencies) = postProject
		{E7A23B93-7A8F-4EE1-9690-4B314C21127F} = {E7A23B93-7A8F-4EE1-9690-4B314C21127F}
	EndProjectSection
EndProject
Project("{8BC9CEB8-8B4A-11D0-8D11-00A0C91BC942}") = "PluginManager", "core\PluginManager\PluginManager.vcxproj", "{C0AEF34B-4BAE-4BCE-877F-94B53705C413}"
	ProjectSection(ProjectDependencies) = postProject
		{3D88CA03-359A-4028-BE4E-BE557304C919} = {3D88CA03-359A-4028-BE4E-BE557304C919}
		{79F7366C-375A-4400-B32B-A0970C4CF1A9} = {79F7366C-375A-4400-B32B-A0970C4CF1A9}
		{E7A23B93-7A8F-4EE1-9690-4B314C21127F} = {E7A23B93-7A8F-4EE1-9690-4B314C21127F}
		{B82DB3FB-E3E0-4E02-A124-C8CC2CAE965F} = {B82DB3FB-E3E0-4E02-A124-C8CC2CAE965F}
	EndProjectSection
EndProject
Project("{2150E333-8FDC-42A3-9474-1A3956D46DE8}") = "Edit", "Edit", "{C5BE0E30-D355-40B3-8AA2-8BF1E660F41B}"
EndProject
Project("{8BC9CEB8-8B4A-11D0-8D11-00A0C91BC942}") = "ALL_BUILD", "ALL_BUILD\ALL_BUILD.vcxproj", "{94C116BE-C5B3-4866-B2D8-96D5C0910017}"
	ProjectSection(ProjectDependencies) = postProject
		{3D88CA03-359A-4028-BE4E-BE557304C919} = {3D88CA03-359A-4028-BE4E-BE557304C919}
		{A9C0FF15-B0CC-42A7-85B6-EC6560284E07} = {A9C0FF15-B0CC-42A7-85B6-EC6560284E07}
		{6CE35319-51FC-41F0-9E33-7F5826CF49A0} = {6CE35319-51FC-41F0-9E33-7F5826CF49A0}
		{C0CB8224-710B-4EDC-8BAB-9E29EEE368A2} = {C0CB8224-710B-4EDC-8BAB-9E29EEE368A2}
		{65A24E27-F976-4C97-88C2-EDDBEF79478E} = {65A24E27-F976-4C97-88C2-EDDBEF79478E}
		{DAEC222A-4E69-43AF-8ECB-F37468BDAEDB} = {DAEC222A-4E69-43AF-8ECB-F37468BDAEDB}
		{332CA52D-36DA-4FBA-A474-F67A15094DD9} = {332CA52D-36DA-4FBA-A474-F67A15094DD9}
		{35665731-EBF6-46BD-8223-01AAD39C8BAF} = {35665731-EBF6-46BD-8223-01AAD39C8BAF}
		{343AC231-37D9-406A-B074-4665249280F6} = {343AC231-37D9-406A-B074-4665249280F6}
		{ED32BF37-5AB6-4AE9-A623-A38E9AC487D5} = {ED32BF37-5AB6-4AE9-A623-A38E9AC487D5}
		{9F8D2E42-3275-4606-A816-02A27DFA22C6} = {9F8D2E42-3275-4606-A816-02A27DFA22C6}
		{E8DC4E4B-0FAE-40CE-90C7-DF8D7F669DFA} = {E8DC4E4B-0FAE-40CE-90C7-DF8D7F669DFA}
		{C0AEF34B-4BAE-4BCE-877F-94B53705C413} = {C0AEF34B-4BAE-4BCE-877F-94B53705C413}
		{1F15644D-B0A4-464D-951C-A85711E36E8B} = {1F15644D-B0A4-464D-951C-A85711E36E8B}
		{6CB92251-B3CC-445D-926A-3BA5FF7F477B} = {6CB92251-B3CC-445D-926A-3BA5FF7F477B}
		{67025351-BCC5-4979-A04C-3A6ADED1A238} = {67025351-BCC5-4979-A04C-3A6ADED1A238}
		{EBEBF752-03F1-4E81-8A79-A71363E6D983} = {EBEBF752-03F1-4E81-8A79-A71363E6D983}
		{84079E54-8A3F-4436-AE2E-D03346BAF410} = {84079E54-8A3F-4436-AE2E-D03346BAF410}
		{03B87156-B73F-4EA1-BDA5-DBF72AAABEFE} = {03B87156-B73F-4EA1-BDA5-DBF72AAABEFE}
		{4D892957-EB8A-4CE4-B649-7BFA37BAF6A5} = {4D892957-EB8A-4CE4-B649-7BFA37BAF6A5}
		{0CE8825F-E2A6-4930-A3EE-5AB37DC90558} = {0CE8825F-E2A6-4930-A3EE-5AB37DC90558}
		{79F7366C-375A-4400-B32B-A0970C4CF1A9} = {79F7366C-375A-4400-B32B-A0970C4CF1A9}
		{E32C5B6F-C983-4BC2-A3F7-8D0CFD02247D} = {E32C5B6F-C983-4BC2-A3F7-8D0CFD02247D}
		{6AE43A79-0DF4-481B-AD6C-33373F8738E5} = {6AE43A79-0DF4-481B-AD6C-33373F8738E5}
		{ACC97F80-083C-4015-8E87-15F84B3EC1FC} = {ACC97F80-083C-4015-8E87-15F84B3EC1FC}
		{EEA43084-2A68-4C30-B676-3BB85AAF7AF7} = {EEA43084-2A68-4C30-B676-3BB85AAF7AF7}
		{E1D55985-1879-4C08-BD0F-6E3357A05A6F} = {E1D55985-1879-4C08-BD0F-6E3357A05A6F}
		{E7A23B93-7A8F-4EE1-9690-4B314C21127F} = {E7A23B93-7A8F-4EE1-9690-4B314C21127F}
		{D0750D97-4DA2-4643-8CCA-C7C09BA9E752} = {D0750D97-4DA2-4643-8CCA-C7C09BA9E752}
		{1055D7A3-B9D7-4DAC-A496-899E485ACE4E} = {1055D7A3-B9D7-4DAC-A496-899E485ACE4E}
		{D2AB3EA4-38C4-4074-8B30-94182AFDBFE6} = {D2AB3EA4-38C4-4074-8B30-94182AFDBFE6}
		{1FD06CAA-3018-4557-B339-459D62FB43AA} = {1FD06CAA-3018-4557-B339-459D62FB43AA}
		{B12702AD-ABFB-343A-A199-8E24837244A3} = {B12702AD-ABFB-343A-A199-8E24837244A3}
		{784479AF-50BB-4B31-BCB1-FBA151622E5B} = {784479AF-50BB-4B31-BCB1-FBA151622E5B}
		{BAF309B5-CDF2-48E9-BAAC-A0BF89E3EBCB} = {BAF309B5-CDF2-48E9-BAAC-A0BF89E3EBCB}
		{C2E5E6BE-76B3-41EE-B32F-5592928887A8} = {C2E5E6BE-76B3-41EE-B32F-5592928887A8}
		{E9F281C6-198C-4132-99F1-5367F587CC93} = {E9F281C6-198C-4132-99F1-5367F587CC93}
		{B5328ACB-A15D-4B24-A114-29A747D2EF11} = {B5328ACB-A15D-4B24-A114-29A747D2EF11}
		{D3CB3ED0-FCF9-4171-89F0-D227B21E44AA} = {D3CB3ED0-FCF9-4171-89F0-D227B21E44AA}
		{1C460CD6-4426-495C-BF69-C1001C63F085} = {1C460CD6-4426-495C-BF69-C1001C63F085}
		{D181F1E0-9260-448D-B555-2ED30ADD08AC} = {D181F1E0-9260-448D-B555-2ED30ADD08AC}
		{F4432DE1-47AA-39CC-A372-A6D6B845F637} = {F4432DE1-47AA-39CC-A372-A6D6B845F637}
		{43B26FE9-8696-4F89-B8AF-F2CED84D6626} = {43B26FE9-8696-4F89-B8AF-F2CED84D6626}
		{1F6153EA-9D3E-415A-8D2F-252BED2C0E5C} = {1F6153EA-9D3E-415A-8D2F-252BED2C0E5C}
		{A74370EF-DE2F-40D2-AF38-266BF7AB1675} = {A74370EF-DE2F-40D2-AF38-266BF7AB1675}
		{05DE11F0-EDDF-4FD8-9965-F51577C8489F} = {05DE11F0-EDDF-4FD8-9965-F51577C8489F}
		{3EB8D0F6-B52B-4BEC-8E94-2987616681AC} = {3EB8D0F6-B52B-4BEC-8E94-2987616681AC}
		{B82DB3FB-E3E0-4E02-A124-C8CC2CAE965F} = {B82DB3FB-E3E0-4E02-A124-C8CC2CAE965F}
		{18B778FC-4042-440A-9DAF-BEB0B6951AEA} = {18B778FC-4042-440A-9DAF-BEB0B6951AEA}
	EndProjectSection
EndProject
Project("{8BC9CEB8-8B4A-11D0-8D11-00A0C91BC942}") = "VRMode", "plugins\VRMode\VRMode.vcxproj", "{ED32BF37-5AB6-4AE9-A623-A38E9AC487D5}"
	ProjectSection(ProjectDependencies) = postProject
		{3D88CA03-359A-4028-BE4E-BE557304C919} = {3D88CA03-359A-4028-BE4E-BE557304C919}
		{79F7366C-375A-4400-B32B-A0970C4CF1A9} = {79F7366C-375A-4400-B32B-A0970C4CF1A9}
		{E7A23B93-7A8F-4EE1-9690-4B314C21127F} = {E7A23B93-7A8F-4EE1-9690-4B314C21127F}
	EndProjectSection
EndProject
Project("{8BC9CEB8-8B4A-11D0-8D11-00A0C91BC942}") = "ScreenShot", "plugins\ScreenShot\ScreenShot.vcxproj", "{1FD06CAA-3018-4557-B339-459D62FB43AA}"
	ProjectSection(ProjectDependencies) = postProject
		{E7A23B93-7A8F-4EE1-9690-4B314C21127F} = {E7A23B93-7A8F-4EE1-9690-4B314C21127F}
	EndProjectSection
EndProject
Project("{8BC9CEB8-8B4A-11D0-8D11-00A0C91BC942}") = "AddGDALData", "plugins\AddGDALData\AddGDALData.vcxproj", "{D3CB3ED0-FCF9-4171-89F0-D227B21E44AA}"
	ProjectSection(ProjectDependencies) = postProject
		{D2AB3EA4-38C4-4074-8B30-94182AFDBFE6} = {D2AB3EA4-38C4-4074-8B30-94182AFDBFE6}
	EndProjectSection
EndProject
Project("{8BC9CEB8-8B4A-11D0-8D11-00A0C91BC942}") = "EarthDataInterface", "plugins\EarthDataInterface\EarthDataInterface.vcxproj", "{D2AB3EA4-38C4-4074-8B30-94182AFDBFE6}"
	ProjectSection(ProjectDependencies) = postProject
		{E7A23B93-7A8F-4EE1-9690-4B314C21127F} = {E7A23B93-7A8F-4EE1-9690-4B314C21127F}
		{BAF309B5-CDF2-48E9-BAAC-A0BF89E3EBCB} = {BAF309B5-CDF2-48E9-BAAC-A0BF89E3EBCB}
		{B82DB3FB-E3E0-4E02-A124-C8CC2CAE965F} = {B82DB3FB-E3E0-4E02-A124-C8CC2CAE965F}
	EndProjectSection
EndProject
Project("{8BC9CEB8-8B4A-11D0-8D11-00A0C91BC942}") = "AddArcGISData", "plugins\AddArcGISData\AddArcGISData.vcxproj", "{D181F1E0-9260-448D-B555-2ED30ADD08AC}"
	ProjectSection(ProjectDependencies) = postProject
		{D2AB3EA4-38C4-4074-8B30-94182AFDBFE6} = {D2AB3EA4-38C4-4074-8B30-94182AFDBFE6}
	EndProjectSection
EndProject
Project("{8BC9CEB8-8B4A-11D0-8D11-00A0C91BC942}") = "AddOGCData", "plugins\AddOGCData\AddOGCData.vcxproj", "{05DE11F0-EDDF-4FD8-9965-F51577C8489F}"
	ProjectSection(ProjectDependencies) = postProject
		{D2AB3EA4-38C4-4074-8B30-94182AFDBFE6} = {D2AB3EA4-38C4-4074-8B30-94182AFDBFE6}
	EndProjectSection
EndProject
Project("{8BC9CEB8-8B4A-11D0-8D11-00A0C91BC942}") = "AddObliqueModel", "plugins\AddObliqueModel\AddObliqueModel.vcxproj", "{6AE43A79-0DF4-481B-AD6C-33373F8738E5}"
	ProjectSection(ProjectDependencies) = postProject
		{E7A23B93-7A8F-4EE1-9690-4B314C21127F} = {E7A23B93-7A8F-4EE1-9690-4B314C21127F}
		{D2AB3EA4-38C4-4074-8B30-94182AFDBFE6} = {D2AB3EA4-38C4-4074-8B30-94182AFDBFE6}
	EndProjectSection
EndProject
Project("{8BC9CEB8-8B4A-11D0-8D11-00A0C91BC942}") = "AddPointCloud", "plugins\AddPointCloud\AddPointCloud.vcxproj", "{C2E5E6BE-76B3-41EE-B32F-5592928887A8}"
	ProjectSection(ProjectDependencies) = postProject
		{E7A23B93-7A8F-4EE1-9690-4B314C21127F} = {E7A23B93-7A8F-4EE1-9690-4B314C21127F}
	EndProjectSection
EndProject
Project("{8BC9CEB8-8B4A-11D0-8D11-00A0C91BC942}") = "AddTMSData", "plugins\AddTMSData\AddTMSData.vcxproj", "{03B87156-B73F-4EA1-BDA5-DBF72AAABEFE}"
	ProjectSection(ProjectDependencies) = postProject
		{D2AB3EA4-38C4-4074-8B30-94182AFDBFE6} = {D2AB3EA4-38C4-4074-8B30-94182AFDBFE6}
	EndProjectSection
EndProject
Project("{8BC9CEB8-8B4A-11D0-8D11-00A0C91BC942}") = "AddXYZData", "plugins\AddXYZData\AddXYZData.vcxproj", "{343AC231-37D9-406A-B074-4665249280F6}"
	ProjectSection(ProjectDependencies) = postProject
		{D2AB3EA4-38C4-4074-8B30-94182AFDBFE6} = {D2AB3EA4-38C4-4074-8B30-94182AFDBFE6}
	EndProjectSection
EndProject
Project("{8BC9CEB8-8B4A-11D0-8D11-00A0C91BC942}") = "AtlasMainWindow", "core\AtlasMainWindow\AtlasMainWindow.vcxproj", "{E32C5B6F-C983-4BC2-A3F7-8D0CFD02247D}"
EndProject
Global
	GlobalSection(SolutionConfigurationPlatforms) = preSolution
		Debug|x64 = Debug|x64
		Debug|x86 = Debug|x86
		Release|x64 = Release|x64
		Release|x86 = Release|x86
	EndGlobalSection
	GlobalSection(ProjectConfigurationPlatforms) = postSolution
		{B12702AD-ABFB-343A-A199-8E24837244A3}.Debug|x64.ActiveCfg = Debug|x64
		{B12702AD-ABFB-343A-A199-8E24837244A3}.Debug|x64.Build.0 = Debug|x64
		{B12702AD-ABFB-343A-A199-8E24837244A3}.Debug|x86.ActiveCfg = Debug|Win32
		{B12702AD-ABFB-343A-A199-8E24837244A3}.Debug|x86.Build.0 = Debug|Win32
		{B12702AD-ABFB-343A-A199-8E24837244A3}.Release|x64.ActiveCfg = Release|x64
		{B12702AD-ABFB-343A-A199-8E24837244A3}.Release|x64.Build.0 = Release|x64
		{B12702AD-ABFB-343A-A199-8E24837244A3}.Release|x86.ActiveCfg = Release|Win32
		{B12702AD-ABFB-343A-A199-8E24837244A3}.Release|x86.Build.0 = Release|Win32
		{F4432DE1-47AA-39CC-A372-A6D6B845F637}.Debug|x64.ActiveCfg = Debug|x64
		{F4432DE1-47AA-39CC-A372-A6D6B845F637}.Debug|x64.Build.0 = Debug|x64
		{F4432DE1-47AA-39CC-A372-A6D6B845F637}.Debug|x86.ActiveCfg = Debug|x64
		{F4432DE1-47AA-39CC-A372-A6D6B845F637}.Release|x64.ActiveCfg = Release|x64
		{F4432DE1-47AA-39CC-A372-A6D6B845F637}.Release|x64.Build.0 = Release|x64
		{F4432DE1-47AA-39CC-A372-A6D6B845F637}.Release|x86.ActiveCfg = Release|x64
		{D0750D97-4DA2-4643-8CCA-C7C09BA9E752}.Debug|x64.ActiveCfg = Debug|x64
		{D0750D97-4DA2-4643-8CCA-C7C09BA9E752}.Debug|x64.Build.0 = Debug|x64
		{D0750D97-4DA2-4643-8CCA-C7C09BA9E752}.Debug|x86.ActiveCfg = Debug|Win32
		{D0750D97-4DA2-4643-8CCA-C7C09BA9E752}.Debug|x86.Build.0 = Debug|Win32
		{D0750D97-4DA2-4643-8CCA-C7C09BA9E752}.Release|x64.ActiveCfg = Release|x64
		{D0750D97-4DA2-4643-8CCA-C7C09BA9E752}.Release|x64.Build.0 = Release|x64
		{D0750D97-4DA2-4643-8CCA-C7C09BA9E752}.Release|x86.ActiveCfg = Release|Win32
		{D0750D97-4DA2-4643-8CCA-C7C09BA9E752}.Release|x86.Build.0 = Release|Win32
		{B82DB3FB-E3E0-4E02-A124-C8CC2CAE965F}.Debug|x64.ActiveCfg = Debug|x64
		{B82DB3FB-E3E0-4E02-A124-C8CC2CAE965F}.Debug|x64.Build.0 = Debug|x64
		{B82DB3FB-E3E0-4E02-A124-C8CC2CAE965F}.Debug|x86.ActiveCfg = Debug|Win32
		{B82DB3FB-E3E0-4E02-A124-C8CC2CAE965F}.Debug|x86.Build.0 = Debug|Win32
		{B82DB3FB-E3E0-4E02-A124-C8CC2CAE965F}.Release|x64.ActiveCfg = Release|x64
		{B82DB3FB-E3E0-4E02-A124-C8CC2CAE965F}.Release|x64.Build.0 = Release|x64
		{B82DB3FB-E3E0-4E02-A124-C8CC2CAE965F}.Release|x86.ActiveCfg = Release|Win32
		{B82DB3FB-E3E0-4E02-A124-C8CC2CAE965F}.Release|x86.Build.0 = Release|Win32
		{784479AF-50BB-4B31-BCB1-FBA151622E5B}.Debug|x64.ActiveCfg = Debug|x64
		{784479AF-50BB-4B31-BCB1-FBA151622E5B}.Debug|x64.Build.0 = Debug|x64
		{784479AF-50BB-4B31-BCB1-FBA151622E5B}.Debug|x86.ActiveCfg = Debug|Win32
		{784479AF-50BB-4B31-BCB1-FBA151622E5B}.Debug|x86.Build.0 = Debug|Win32
		{784479AF-50BB-4B31-BCB1-FBA151622E5B}.Release|x64.ActiveCfg = Release|x64
		{784479AF-50BB-4B31-BCB1-FBA151622E5B}.Release|x64.Build.0 = Release|x64
		{784479AF-50BB-4B31-BCB1-FBA151622E5B}.Release|x86.ActiveCfg = Release|Win32
		{784479AF-50BB-4B31-BCB1-FBA151622E5B}.Release|x86.Build.0 = Release|Win32
		{79F7366C-375A-4400-B32B-A0970C4CF1A9}.Debug|x64.ActiveCfg = Debug|x64
		{79F7366C-375A-4400-B32B-A0970C4CF1A9}.Debug|x64.Build.0 = Debug|x64
		{79F7366C-375A-4400-B32B-A0970C4CF1A9}.Debug|x86.ActiveCfg = Debug|Win32
		{79F7366C-375A-4400-B32B-A0970C4CF1A9}.Debug|x86.Build.0 = Debug|Win32
		{79F7366C-375A-4400-B32B-A0970C4CF1A9}.Release|x64.ActiveCfg = Release|x64
		{79F7366C-375A-4400-B32B-A0970C4CF1A9}.Release|x64.Build.0 = Release|x64
		{79F7366C-375A-4400-B32B-A0970C4CF1A9}.Release|x86.ActiveCfg = Release|Win32
		{79F7366C-375A-4400-B32B-A0970C4CF1A9}.Release|x86.Build.0 = Release|Win32
		{3D88CA03-359A-4028-BE4E-BE557304C919}.Debug|x64.ActiveCfg = Debug|x64
		{3D88CA03-359A-4028-BE4E-BE557304C919}.Debug|x64.Build.0 = Debug|x64
		{3D88CA03-359A-4028-BE4E-BE557304C919}.Debug|x86.ActiveCfg = Debug|Win32
		{3D88CA03-359A-4028-BE4E-BE557304C919}.Debug|x86.Build.0 = Debug|Win32
		{3D88CA03-359A-4028-BE4E-BE557304C919}.Release|x64.ActiveCfg = Release|x64
		{3D88CA03-359A-4028-BE4E-BE557304C919}.Release|x64.Build.0 = Release|x64
		{3D88CA03-359A-4028-BE4E-BE557304C919}.Release|x86.ActiveCfg = Release|Win32
		{3D88CA03-359A-4028-BE4E-BE557304C919}.Release|x86.Build.0 = Release|Win32
		{E7A23B93-7A8F-4EE1-9690-4B314C21127F}.Debug|x64.ActiveCfg = Debug|x64
		{E7A23B93-7A8F-4EE1-9690-4B314C21127F}.Debug|x64.Build.0 = Debug|x64
		{E7A23B93-7A8F-4EE1-9690-4B314C21127F}.Debug|x86.ActiveCfg = Debug|Win32
		{E7A23B93-7A8F-4EE1-9690-4B314C21127F}.Debug|x86.Build.0 = Debug|Win32
		{E7A23B93-7A8F-4EE1-9690-4B314C21127F}.Release|x64.ActiveCfg = Release|x64
		{E7A23B93-7A8F-4EE1-9690-4B314C21127F}.Release|x64.Build.0 = Release|x64
		{E7A23B93-7A8F-4EE1-9690-4B314C21127F}.Release|x86.ActiveCfg = Release|Win32
		{E7A23B93-7A8F-4EE1-9690-4B314C21127F}.Release|x86.Build.0 = Release|Win32
		{BAF309B5-CDF2-48E9-BAAC-A0BF89E3EBCB}.Debug|x64.ActiveCfg = Debug|x64
		{BAF309B5-CDF2-48E9-BAAC-A0BF89E3EBCB}.Debug|x64.Build.0 = Debug|x64
		{BAF309B5-CDF2-48E9-BAAC-A0BF89E3EBCB}.Debug|x86.ActiveCfg = Debug|Win32
		{BAF309B5-CDF2-48E9-BAAC-A0BF89E3EBCB}.Debug|x86.Build.0 = Debug|Win32
		{BAF309B5-CDF2-48E9-BAAC-A0BF89E3EBCB}.Release|x64.ActiveCfg = Release|x64
		{BAF309B5-CDF2-48E9-BAAC-A0BF89E3EBCB}.Release|x64.Build.0 = Release|x64
		{BAF309B5-CDF2-48E9-BAAC-A0BF89E3EBCB}.Release|x86.ActiveCfg = Release|Win32
		{BAF309B5-CDF2-48E9-BAAC-A0BF89E3EBCB}.Release|x86.Build.0 = Release|Win32
		{67025351-BCC5-4979-A04C-3A6ADED1A238}.Debug|x64.ActiveCfg = Debug|x64
		{67025351-BCC5-4979-A04C-3A6ADED1A238}.Debug|x64.Build.0 = Debug|x64
		{67025351-BCC5-4979-A04C-3A6ADED1A238}.Debug|x86.ActiveCfg = Debug|Win32
		{67025351-BCC5-4979-A04C-3A6ADED1A238}.Debug|x86.Build.0 = Debug|Win32
		{67025351-BCC5-4979-A04C-3A6ADED1A238}.Release|x64.ActiveCfg = Release|x64
		{67025351-BCC5-4979-A04C-3A6ADED1A238}.Release|x64.Build.0 = Release|x64
		{67025351-BCC5-4979-A04C-3A6ADED1A238}.Release|x86.ActiveCfg = Release|Win32
		{67025351-BCC5-4979-A04C-3A6ADED1A238}.Release|x86.Build.0 = Release|Win32
		{EBEBF752-03F1-4E81-8A79-A71363E6D983}.Debug|x64.ActiveCfg = Debug|x64
		{EBEBF752-03F1-4E81-8A79-A71363E6D983}.Debug|x64.Build.0 = Debug|x64
		{EBEBF752-03F1-4E81-8A79-A71363E6D983}.Debug|x86.ActiveCfg = Debug|Win32
		{EBEBF752-03F1-4E81-8A79-A71363E6D983}.Debug|x86.Build.0 = Debug|Win32
		{EBEBF752-03F1-4E81-8A79-A71363E6D983}.Release|x64.ActiveCfg = Release|x64
		{EBEBF752-03F1-4E81-8A79-A71363E6D983}.Release|x64.Build.0 = Release|x64
		{EBEBF752-03F1-4E81-8A79-A71363E6D983}.Release|x86.ActiveCfg = Release|Win32
		{EBEBF752-03F1-4E81-8A79-A71363E6D983}.Release|x86.Build.0 = Release|Win32
		{4D892957-EB8A-4CE4-B649-7BFA37BAF6A5}.Debug|x64.ActiveCfg = Debug|x64
		{4D892957-EB8A-4CE4-B649-7BFA37BAF6A5}.Debug|x64.Build.0 = Debug|x64
		{4D892957-EB8A-4CE4-B649-7BFA37BAF6A5}.Debug|x86.ActiveCfg = Debug|Win32
		{4D892957-EB8A-4CE4-B649-7BFA37BAF6A5}.Debug|x86.Build.0 = Debug|Win32
		{4D892957-EB8A-4CE4-B649-7BFA37BAF6A5}.Release|x64.ActiveCfg = Release|x64
		{4D892957-EB8A-4CE4-B649-7BFA37BAF6A5}.Release|x64.Build.0 = Release|x64
		{4D892957-EB8A-4CE4-B649-7BFA37BAF6A5}.Release|x86.ActiveCfg = Release|Win32
		{4D892957-EB8A-4CE4-B649-7BFA37BAF6A5}.Release|x86.Build.0 = Release|Win32
		{0CE8825F-E2A6-4930-A3EE-5AB37DC90558}.Debug|x64.ActiveCfg = Debug|x64
		{0CE8825F-E2A6-4930-A3EE-5AB37DC90558}.Debug|x64.Build.0 = Debug|x64
		{0CE8825F-E2A6-4930-A3EE-5AB37DC90558}.Debug|x86.ActiveCfg = Debug|Win32
		{0CE8825F-E2A6-4930-A3EE-5AB37DC90558}.Debug|x86.Build.0 = Debug|Win32
		{0CE8825F-E2A6-4930-A3EE-5AB37DC90558}.Release|x64.ActiveCfg = Release|x64
		{0CE8825F-E2A6-4930-A3EE-5AB37DC90558}.Release|x64.Build.0 = Release|x64
		{0CE8825F-E2A6-4930-A3EE-5AB37DC90558}.Release|x86.ActiveCfg = Release|Win32
		{0CE8825F-E2A6-4930-A3EE-5AB37DC90558}.Release|x86.Build.0 = Release|Win32
		{DAEC222A-4E69-43AF-8ECB-F37468BDAEDB}.Debug|x64.ActiveCfg = Debug|x64
		{DAEC222A-4E69-43AF-8ECB-F37468BDAEDB}.Debug|x64.Build.0 = Debug|x64
		{DAEC222A-4E69-43AF-8ECB-F37468BDAEDB}.Debug|x86.ActiveCfg = Debug|Win32
		{DAEC222A-4E69-43AF-8ECB-F37468BDAEDB}.Debug|x86.Build.0 = Debug|Win32
		{DAEC222A-4E69-43AF-8ECB-F37468BDAEDB}.Release|x64.ActiveCfg = Release|x64
		{DAEC222A-4E69-43AF-8ECB-F37468BDAEDB}.Release|x64.Build.0 = Release|x64
		{DAEC222A-4E69-43AF-8ECB-F37468BDAEDB}.Release|x86.ActiveCfg = Release|Win32
		{DAEC222A-4E69-43AF-8ECB-F37468BDAEDB}.Release|x86.Build.0 = Release|Win32
		{65A24E27-F976-4C97-88C2-EDDBEF79478E}.Debug|x64.ActiveCfg = Debug|x64
		{65A24E27-F976-4C97-88C2-EDDBEF79478E}.Debug|x64.Build.0 = Debug|x64
		{65A24E27-F976-4C97-88C2-EDDBEF79478E}.Debug|x86.ActiveCfg = Debug|Win32
		{65A24E27-F976-4C97-88C2-EDDBEF79478E}.Debug|x86.Build.0 = Debug|Win32
		{65A24E27-F976-4C97-88C2-EDDBEF79478E}.Release|x64.ActiveCfg = Release|x64
		{65A24E27-F976-4C97-88C2-EDDBEF79478E}.Release|x64.Build.0 = Release|x64
		{65A24E27-F976-4C97-88C2-EDDBEF79478E}.Release|x86.ActiveCfg = Release|Win32
		{65A24E27-F976-4C97-88C2-EDDBEF79478E}.Release|x86.Build.0 = Release|Win32
		{E1D55985-1879-4C08-BD0F-6E3357A05A6F}.Debug|x64.ActiveCfg = Debug|x64
		{E1D55985-1879-4C08-BD0F-6E3357A05A6F}.Debug|x64.Build.0 = Debug|x64
		{E1D55985-1879-4C08-BD0F-6E3357A05A6F}.Debug|x86.ActiveCfg = Debug|Win32
		{E1D55985-1879-4C08-BD0F-6E3357A05A6F}.Debug|x86.Build.0 = Debug|Win32
		{E1D55985-1879-4C08-BD0F-6E3357A05A6F}.Release|x64.ActiveCfg = Release|x64
		{E1D55985-1879-4C08-BD0F-6E3357A05A6F}.Release|x64.Build.0 = Release|x64
		{E1D55985-1879-4C08-BD0F-6E3357A05A6F}.Release|x86.ActiveCfg = Release|Win32
		{E1D55985-1879-4C08-BD0F-6E3357A05A6F}.Release|x86.Build.0 = Release|Win32
		{43B26FE9-8696-4F89-B8AF-F2CED84D6626}.Debug|x64.ActiveCfg = Debug|x64
		{43B26FE9-8696-4F89-B8AF-F2CED84D6626}.Debug|x64.Build.0 = Debug|x64
		{43B26FE9-8696-4F89-B8AF-F2CED84D6626}.Debug|x86.ActiveCfg = Debug|Win32
		{43B26FE9-8696-4F89-B8AF-F2CED84D6626}.Debug|x86.Build.0 = Debug|Win32
		{43B26FE9-8696-4F89-B8AF-F2CED84D6626}.Release|x64.ActiveCfg = Release|x64
		{43B26FE9-8696-4F89-B8AF-F2CED84D6626}.Release|x64.Build.0 = Release|x64
		{43B26FE9-8696-4F89-B8AF-F2CED84D6626}.Release|x86.ActiveCfg = Release|Win32
		{43B26FE9-8696-4F89-B8AF-F2CED84D6626}.Release|x86.Build.0 = Release|Win32
		{18B778FC-4042-440A-9DAF-BEB0B6951AEA}.Debug|x64.ActiveCfg = Debug|x64
		{18B778FC-4042-440A-9DAF-BEB0B6951AEA}.Debug|x64.Build.0 = Debug|x64
		{18B778FC-4042-440A-9DAF-BEB0B6951AEA}.Debug|x86.ActiveCfg = Debug|Win32
		{18B778FC-4042-440A-9DAF-BEB0B6951AEA}.Debug|x86.Build.0 = Debug|Win32
		{18B778FC-4042-440A-9DAF-BEB0B6951AEA}.Release|x64.ActiveCfg = Release|x64
		{18B778FC-4042-440A-9DAF-BEB0B6951AEA}.Release|x64.Build.0 = Release|x64
		{18B778FC-4042-440A-9DAF-BEB0B6951AEA}.Release|x86.ActiveCfg = Release|Win32
		{18B778FC-4042-440A-9DAF-BEB0B6951AEA}.Release|x86.Build.0 = Release|Win32
		{ACC97F80-083C-4015-8E87-15F84B3EC1FC}.Debug|x64.ActiveCfg = Debug|x64
		{ACC97F80-083C-4015-8E87-15F84B3EC1FC}.Debug|x64.Build.0 = Debug|x64
		{ACC97F80-083C-4015-8E87-15F84B3EC1FC}.Debug|x86.ActiveCfg = Debug|Win32
		{ACC97F80-083C-4015-8E87-15F84B3EC1FC}.Debug|x86.Build.0 = Debug|Win32
		{ACC97F80-083C-4015-8E87-15F84B3EC1FC}.Release|x64.ActiveCfg = Release|x64
		{ACC97F80-083C-4015-8E87-15F84B3EC1FC}.Release|x64.Build.0 = Release|x64
		{ACC97F80-083C-4015-8E87-15F84B3EC1FC}.Release|x86.ActiveCfg = Release|Win32
		{ACC97F80-083C-4015-8E87-15F84B3EC1FC}.Release|x86.Build.0 = Release|Win32
		{9F8D2E42-3275-4606-A816-02A27DFA22C6}.Debug|x64.ActiveCfg = Debug|x64
		{9F8D2E42-3275-4606-A816-02A27DFA22C6}.Debug|x64.Build.0 = Debug|x64
		{9F8D2E42-3275-4606-A816-02A27DFA22C6}.Debug|x86.ActiveCfg = Debug|Win32
		{9F8D2E42-3275-4606-A816-02A27DFA22C6}.Debug|x86.Build.0 = Debug|Win32
		{9F8D2E42-3275-4606-A816-02A27DFA22C6}.Release|x64.ActiveCfg = Release|x64
		{9F8D2E42-3275-4606-A816-02A27DFA22C6}.Release|x64.Build.0 = Release|x64
		{9F8D2E42-3275-4606-A816-02A27DFA22C6}.Release|x86.ActiveCfg = Release|Win32
		{9F8D2E42-3275-4606-A816-02A27DFA22C6}.Release|x86.Build.0 = Release|Win32
		{A74370EF-DE2F-40D2-AF38-266BF7AB1675}.Debug|x64.ActiveCfg = Debug|x64
		{A74370EF-DE2F-40D2-AF38-266BF7AB1675}.Debug|x64.Build.0 = Debug|x64
		{A74370EF-DE2F-40D2-AF38-266BF7AB1675}.Debug|x86.ActiveCfg = Debug|Win32
		{A74370EF-DE2F-40D2-AF38-266BF7AB1675}.Debug|x86.Build.0 = Debug|Win32
		{A74370EF-DE2F-40D2-AF38-266BF7AB1675}.Release|x64.ActiveCfg = Release|x64
		{A74370EF-DE2F-40D2-AF38-266BF7AB1675}.Release|x64.Build.0 = Release|x64
		{A74370EF-DE2F-40D2-AF38-266BF7AB1675}.Release|x86.ActiveCfg = Release|Win32
		{A74370EF-DE2F-40D2-AF38-266BF7AB1675}.Release|x86.Build.0 = Release|Win32
		{A9C0FF15-B0CC-42A7-85B6-EC6560284E07}.Debug|x64.ActiveCfg = Debug|x64
		{A9C0FF15-B0CC-42A7-85B6-EC6560284E07}.Debug|x64.Build.0 = Debug|x64
		{A9C0FF15-B0CC-42A7-85B6-EC6560284E07}.Debug|x86.ActiveCfg = Debug|Win32
		{A9C0FF15-B0CC-42A7-85B6-EC6560284E07}.Debug|x86.Build.0 = Debug|Win32
		{A9C0FF15-B0CC-42A7-85B6-EC6560284E07}.Release|x64.ActiveCfg = Release|x64
		{A9C0FF15-B0CC-42A7-85B6-EC6560284E07}.Release|x64.Build.0 = Release|x64
		{A9C0FF15-B0CC-42A7-85B6-EC6560284E07}.Release|x86.ActiveCfg = Release|Win32
		{A9C0FF15-B0CC-42A7-85B6-EC6560284E07}.Release|x86.Build.0 = Release|Win32
		{C0CB8224-710B-4EDC-8BAB-9E29EEE368A2}.Debug|x64.ActiveCfg = Debug|x64
		{C0CB8224-710B-4EDC-8BAB-9E29EEE368A2}.Debug|x64.Build.0 = Debug|x64
		{C0CB8224-710B-4EDC-8BAB-9E29EEE368A2}.Debug|x86.ActiveCfg = Debug|Win32
		{C0CB8224-710B-4EDC-8BAB-9E29EEE368A2}.Debug|x86.Build.0 = Debug|Win32
		{C0CB8224-710B-4EDC-8BAB-9E29EEE368A2}.Release|x64.ActiveCfg = Release|x64
		{C0CB8224-710B-4EDC-8BAB-9E29EEE368A2}.Release|x64.Build.0 = Release|x64
		{C0CB8224-710B-4EDC-8BAB-9E29EEE368A2}.Release|x86.ActiveCfg = Release|Win32
		{C0CB8224-710B-4EDC-8BAB-9E29EEE368A2}.Release|x86.Build.0 = Release|Win32
		{EEA43084-2A68-4C30-B676-3BB85AAF7AF7}.Debug|x64.ActiveCfg = Debug|x64
		{EEA43084-2A68-4C30-B676-3BB85AAF7AF7}.Debug|x64.Build.0 = Debug|x64
		{EEA43084-2A68-4C30-B676-3BB85AAF7AF7}.Debug|x86.ActiveCfg = Debug|Win32
		{EEA43084-2A68-4C30-B676-3BB85AAF7AF7}.Debug|x86.Build.0 = Debug|Win32
		{EEA43084-2A68-4C30-B676-3BB85AAF7AF7}.Release|x64.ActiveCfg = Release|x64
		{EEA43084-2A68-4C30-B676-3BB85AAF7AF7}.Release|x64.Build.0 = Release|x64
		{EEA43084-2A68-4C30-B676-3BB85AAF7AF7}.Release|x86.ActiveCfg = Release|Win32
		{EEA43084-2A68-4C30-B676-3BB85AAF7AF7}.Release|x86.Build.0 = Release|Win32
		{6CB92251-B3CC-445D-926A-3BA5FF7F477B}.Debug|x64.ActiveCfg = Debug|x64
		{6CB92251-B3CC-445D-926A-3BA5FF7F477B}.Debug|x64.Build.0 = Debug|x64
		{6CB92251-B3CC-445D-926A-3BA5FF7F477B}.Debug|x86.ActiveCfg = Debug|Win32
		{6CB92251-B3CC-445D-926A-3BA5FF7F477B}.Debug|x86.Build.0 = Debug|Win32
		{6CB92251-B3CC-445D-926A-3BA5FF7F477B}.Release|x64.ActiveCfg = Release|x64
		{6CB92251-B3CC-445D-926A-3BA5FF7F477B}.Release|x64.Build.0 = Release|x64
		{6CB92251-B3CC-445D-926A-3BA5FF7F477B}.Release|x86.ActiveCfg = Release|Win32
		{6CB92251-B3CC-445D-926A-3BA5FF7F477B}.Release|x86.Build.0 = Release|Win32
		{1C460CD6-4426-495C-BF69-C1001C63F085}.Debug|x64.ActiveCfg = Debug|x64
		{1C460CD6-4426-495C-BF69-C1001C63F085}.Debug|x64.Build.0 = Debug|x64
		{1C460CD6-4426-495C-BF69-C1001C63F085}.Debug|x86.ActiveCfg = Debug|Win32
		{1C460CD6-4426-495C-BF69-C1001C63F085}.Debug|x86.Build.0 = Debug|Win32
		{1C460CD6-4426-495C-BF69-C1001C63F085}.Release|x64.ActiveCfg = Release|x64
		{1C460CD6-4426-495C-BF69-C1001C63F085}.Release|x64.Build.0 = Release|x64
		{1C460CD6-4426-495C-BF69-C1001C63F085}.Release|x86.ActiveCfg = Release|Win32
		{1C460CD6-4426-495C-BF69-C1001C63F085}.Release|x86.Build.0 = Release|Win32
		{1F15644D-B0A4-464D-951C-A85711E36E8B}.Debug|x64.ActiveCfg = Debug|x64
		{1F15644D-B0A4-464D-951C-A85711E36E8B}.Debug|x64.Build.0 = Debug|x64
		{1F15644D-B0A4-464D-951C-A85711E36E8B}.Debug|x86.ActiveCfg = Debug|Win32
		{1F15644D-B0A4-464D-951C-A85711E36E8B}.Debug|x86.Build.0 = Debug|Win32
		{1F15644D-B0A4-464D-951C-A85711E36E8B}.Release|x64.ActiveCfg = Release|x64
		{1F15644D-B0A4-464D-951C-A85711E36E8B}.Release|x64.Build.0 = Release|x64
		{1F15644D-B0A4-464D-951C-A85711E36E8B}.Release|x86.ActiveCfg = Release|Win32
		{1F15644D-B0A4-464D-951C-A85711E36E8B}.Release|x86.Build.0 = Release|Win32
		{332CA52D-36DA-4FBA-A474-F67A15094DD9}.Debug|x64.ActiveCfg = Debug|x64
		{332CA52D-36DA-4FBA-A474-F67A15094DD9}.Debug|x64.Build.0 = Debug|x64
		{332CA52D-36DA-4FBA-A474-F67A15094DD9}.Debug|x86.ActiveCfg = Debug|Win32
		{332CA52D-36DA-4FBA-A474-F67A15094DD9}.Debug|x86.Build.0 = Debug|Win32
		{332CA52D-36DA-4FBA-A474-F67A15094DD9}.Release|x64.ActiveCfg = Release|x64
		{332CA52D-36DA-4FBA-A474-F67A15094DD9}.Release|x64.Build.0 = Release|x64
		{332CA52D-36DA-4FBA-A474-F67A15094DD9}.Release|x86.ActiveCfg = Release|Win32
		{332CA52D-36DA-4FBA-A474-F67A15094DD9}.Release|x86.Build.0 = Release|Win32
		{B5328ACB-A15D-4B24-A114-29A747D2EF11}.Debug|x64.ActiveCfg = Debug|x64
		{B5328ACB-A15D-4B24-A114-29A747D2EF11}.Debug|x64.Build.0 = Debug|x64
		{B5328ACB-A15D-4B24-A114-29A747D2EF11}.Debug|x86.ActiveCfg = Debug|Win32
		{B5328ACB-A15D-4B24-A114-29A747D2EF11}.Debug|x86.Build.0 = Debug|Win32
		{B5328ACB-A15D-4B24-A114-29A747D2EF11}.Release|x64.ActiveCfg = Release|x64
		{B5328ACB-A15D-4B24-A114-29A747D2EF11}.Release|x64.Build.0 = Release|x64
		{B5328ACB-A15D-4B24-A114-29A747D2EF11}.Release|x86.ActiveCfg = Release|Win32
		{B5328ACB-A15D-4B24-A114-29A747D2EF11}.Release|x86.Build.0 = Release|Win32
		{E8DC4E4B-0FAE-40CE-90C7-DF8D7F669DFA}.Debug|x64.ActiveCfg = Debug|x64
		{E8DC4E4B-0FAE-40CE-90C7-DF8D7F669DFA}.Debug|x64.Build.0 = Debug|x64
		{E8DC4E4B-0FAE-40CE-90C7-DF8D7F669DFA}.Debug|x86.ActiveCfg = Debug|Win32
		{E8DC4E4B-0FAE-40CE-90C7-DF8D7F669DFA}.Debug|x86.Build.0 = Debug|Win32
		{E8DC4E4B-0FAE-40CE-90C7-DF8D7F669DFA}.Release|x64.ActiveCfg = Release|x64
		{E8DC4E4B-0FAE-40CE-90C7-DF8D7F669DFA}.Release|x64.Build.0 = Release|x64
		{E8DC4E4B-0FAE-40CE-90C7-DF8D7F669DFA}.Release|x86.ActiveCfg = Release|Win32
		{E8DC4E4B-0FAE-40CE-90C7-DF8D7F669DFA}.Release|x86.Build.0 = Release|Win32
		{6CE35319-51FC-41F0-9E33-7F5826CF49A0}.Debug|x64.ActiveCfg = Debug|x64
		{6CE35319-51FC-41F0-9E33-7F5826CF49A0}.Debug|x64.Build.0 = Debug|x64
		{6CE35319-51FC-41F0-9E33-7F5826CF49A0}.Debug|x86.ActiveCfg = Debug|Win32
		{6CE35319-51FC-41F0-9E33-7F5826CF49A0}.Debug|x86.Build.0 = Debug|Win32
		{6CE35319-51FC-41F0-9E33-7F5826CF49A0}.Release|x64.ActiveCfg = Release|x64
		{6CE35319-51FC-41F0-9E33-7F5826CF49A0}.Release|x64.Build.0 = Release|x64
		{6CE35319-51FC-41F0-9E33-7F5826CF49A0}.Release|x86.ActiveCfg = Release|Win32
		{6CE35319-51FC-41F0-9E33-7F5826CF49A0}.Release|x86.Build.0 = Release|Win32
		{3EB8D0F6-B52B-4BEC-8E94-2987616681AC}.Debug|x64.ActiveCfg = Debug|x64
		{3EB8D0F6-B52B-4BEC-8E94-2987616681AC}.Debug|x64.Build.0 = Debug|x64
		{3EB8D0F6-B52B-4BEC-8E94-2987616681AC}.Debug|x86.ActiveCfg = Debug|Win32
		{3EB8D0F6-B52B-4BEC-8E94-2987616681AC}.Debug|x86.Build.0 = Debug|Win32
		{3EB8D0F6-B52B-4BEC-8E94-2987616681AC}.Release|x64.ActiveCfg = Release|x64
		{3EB8D0F6-B52B-4BEC-8E94-2987616681AC}.Release|x64.Build.0 = Release|x64
		{3EB8D0F6-B52B-4BEC-8E94-2987616681AC}.Release|x86.ActiveCfg = Release|Win32
		{3EB8D0F6-B52B-4BEC-8E94-2987616681AC}.Release|x86.Build.0 = Release|Win32
		{1055D7A3-B9D7-4DAC-A496-899E485ACE4E}.Debug|x64.ActiveCfg = Debug|x64
		{1055D7A3-B9D7-4DAC-A496-899E485ACE4E}.Debug|x64.Build.0 = Debug|x64
		{1055D7A3-B9D7-4DAC-A496-899E485ACE4E}.Debug|x86.ActiveCfg = Debug|Win32
		{1055D7A3-B9D7-4DAC-A496-899E485ACE4E}.Debug|x86.Build.0 = Debug|Win32
		{1055D7A3-B9D7-4DAC-A496-899E485ACE4E}.Release|x64.ActiveCfg = Release|x64
		{1055D7A3-B9D7-4DAC-A496-899E485ACE4E}.Release|x64.Build.0 = Release|x64
		{1055D7A3-B9D7-4DAC-A496-899E485ACE4E}.Release|x86.ActiveCfg = Release|Win32
		{1055D7A3-B9D7-4DAC-A496-899E485ACE4E}.Release|x86.Build.0 = Release|Win32
		{84079E54-8A3F-4436-AE2E-D03346BAF410}.Debug|x64.ActiveCfg = Debug|x64
		{84079E54-8A3F-4436-AE2E-D03346BAF410}.Debug|x64.Build.0 = Debug|x64
		{84079E54-8A3F-4436-AE2E-D03346BAF410}.Debug|x86.ActiveCfg = Debug|Win32
		{84079E54-8A3F-4436-AE2E-D03346BAF410}.Debug|x86.Build.0 = Debug|Win32
		{84079E54-8A3F-4436-AE2E-D03346BAF410}.Release|x64.ActiveCfg = Release|x64
		{84079E54-8A3F-4436-AE2E-D03346BAF410}.Release|x64.Build.0 = Release|x64
		{84079E54-8A3F-4436-AE2E-D03346BAF410}.Release|x86.ActiveCfg = Release|Win32
		{84079E54-8A3F-4436-AE2E-D03346BAF410}.Release|x86.Build.0 = Release|Win32
		{1F6153EA-9D3E-415A-8D2F-252BED2C0E5C}.Debug|x64.ActiveCfg = Debug|x64
		{1F6153EA-9D3E-415A-8D2F-252BED2C0E5C}.Debug|x64.Build.0 = Debug|x64
		{1F6153EA-9D3E-415A-8D2F-252BED2C0E5C}.Debug|x86.ActiveCfg = Debug|Win32
		{1F6153EA-9D3E-415A-8D2F-252BED2C0E5C}.Debug|x86.Build.0 = Debug|Win32
		{1F6153EA-9D3E-415A-8D2F-252BED2C0E5C}.Release|x64.ActiveCfg = Release|x64
		{1F6153EA-9D3E-415A-8D2F-252BED2C0E5C}.Release|x64.Build.0 = Release|x64
		{1F6153EA-9D3E-415A-8D2F-252BED2C0E5C}.Release|x86.ActiveCfg = Release|Win32
		{1F6153EA-9D3E-415A-8D2F-252BED2C0E5C}.Release|x86.Build.0 = Release|Win32
		{35665731-EBF6-46BD-8223-01AAD39C8BAF}.Debug|x64.ActiveCfg = Debug|x64
		{35665731-EBF6-46BD-8223-01AAD39C8BAF}.Debug|x64.Build.0 = Debug|x64
		{35665731-EBF6-46BD-8223-01AAD39C8BAF}.Debug|x86.ActiveCfg = Debug|Win32
		{35665731-EBF6-46BD-8223-01AAD39C8BAF}.Debug|x86.Build.0 = Debug|Win32
		{35665731-EBF6-46BD-8223-01AAD39C8BAF}.Release|x64.ActiveCfg = Release|x64
		{35665731-EBF6-46BD-8223-01AAD39C8BAF}.Release|x64.Build.0 = Release|x64
		{35665731-EBF6-46BD-8223-01AAD39C8BAF}.Release|x86.ActiveCfg = Release|Win32
		{35665731-EBF6-46BD-8223-01AAD39C8BAF}.Release|x86.Build.0 = Release|Win32
		{E9F281C6-198C-4132-99F1-5367F587CC93}.Debug|x64.ActiveCfg = Debug|x64
		{E9F281C6-198C-4132-99F1-5367F587CC93}.Debug|x64.Build.0 = Debug|x64
		{E9F281C6-198C-4132-99F1-5367F587CC93}.Debug|x86.ActiveCfg = Debug|Win32
		{E9F281C6-198C-4132-99F1-5367F587CC93}.Debug|x86.Build.0 = Debug|Win32
		{E9F281C6-198C-4132-99F1-5367F587CC93}.Release|x64.ActiveCfg = Release|x64
		{E9F281C6-198C-4132-99F1-5367F587CC93}.Release|x64.Build.0 = Release|x64
		{E9F281C6-198C-4132-99F1-5367F587CC93}.Release|x86.ActiveCfg = Release|Win32
		{E9F281C6-198C-4132-99F1-5367F587CC93}.Release|x86.Build.0 = Release|Win32
		{C0AEF34B-4BAE-4BCE-877F-94B53705C413}.Debug|x64.ActiveCfg = Debug|x64
		{C0AEF34B-4BAE-4BCE-877F-94B53705C413}.Debug|x64.Build.0 = Debug|x64
		{C0AEF34B-4BAE-4BCE-877F-94B53705C413}.Debug|x86.ActiveCfg = Debug|Win32
		{C0AEF34B-4BAE-4BCE-877F-94B53705C413}.Debug|x86.Build.0 = Debug|Win32
		{C0AEF34B-4BAE-4BCE-877F-94B53705C413}.Release|x64.ActiveCfg = Release|x64
		{C0AEF34B-4BAE-4BCE-877F-94B53705C413}.Release|x64.Build.0 = Release|x64
		{C0AEF34B-4BAE-4BCE-877F-94B53705C413}.Release|x86.ActiveCfg = Release|Win32
		{C0AEF34B-4BAE-4BCE-877F-94B53705C413}.Release|x86.Build.0 = Release|Win32
		{94C116BE-C5B3-4866-B2D8-96D5C0910017}.Debug|x64.ActiveCfg = Debug|x64
		{94C116BE-C5B3-4866-B2D8-96D5C0910017}.Debug|x64.Build.0 = Debug|x64
		{94C116BE-C5B3-4866-B2D8-96D5C0910017}.Debug|x86.ActiveCfg = Debug|Win32
		{94C116BE-C5B3-4866-B2D8-96D5C0910017}.Debug|x86.Build.0 = Debug|Win32
		{94C116BE-C5B3-4866-B2D8-96D5C0910017}.Release|x64.ActiveCfg = Release|x64
		{94C116BE-C5B3-4866-B2D8-96D5C0910017}.Release|x64.Build.0 = Release|x64
		{94C116BE-C5B3-4866-B2D8-96D5C0910017}.Release|x86.ActiveCfg = Release|Win32
		{94C116BE-C5B3-4866-B2D8-96D5C0910017}.Release|x86.Build.0 = Release|Win32
		{ED32BF37-5AB6-4AE9-A623-A38E9AC487D5}.Debug|x64.ActiveCfg = Debug|x64
		{ED32BF37-5AB6-4AE9-A623-A38E9AC487D5}.Debug|x64.Build.0 = Debug|x64
		{ED32BF37-5AB6-4AE9-A623-A38E9AC487D5}.Debug|x86.ActiveCfg = Debug|Win32
		{ED32BF37-5AB6-4AE9-A623-A38E9AC487D5}.Debug|x86.Build.0 = Debug|Win32
		{ED32BF37-5AB6-4AE9-A623-A38E9AC487D5}.Release|x64.ActiveCfg = Release|x64
		{ED32BF37-5AB6-4AE9-A623-A38E9AC487D5}.Release|x64.Build.0 = Release|x64
		{ED32BF37-5AB6-4AE9-A623-A38E9AC487D5}.Release|x86.ActiveCfg = Release|Win32
		{ED32BF37-5AB6-4AE9-A623-A38E9AC487D5}.Release|x86.Build.0 = Release|Win32
		{1FD06CAA-3018-4557-B339-459D62FB43AA}.Debug|x64.ActiveCfg = Debug|x64
		{1FD06CAA-3018-4557-B339-459D62FB43AA}.Debug|x64.Build.0 = Debug|x64
		{1FD06CAA-3018-4557-B339-459D62FB43AA}.Debug|x86.ActiveCfg = Debug|Win32
		{1FD06CAA-3018-4557-B339-459D62FB43AA}.Debug|x86.Build.0 = Debug|Win32
		{1FD06CAA-3018-4557-B339-459D62FB43AA}.Release|x64.ActiveCfg = Release|x64
		{1FD06CAA-3018-4557-B339-459D62FB43AA}.Release|x64.Build.0 = Release|x64
		{1FD06CAA-3018-4557-B339-459D62FB43AA}.Release|x86.ActiveCfg = Release|Win32
		{1FD06CAA-3018-4557-B339-459D62FB43AA}.Release|x86.Build.0 = Release|Win32
		{D3CB3ED0-FCF9-4171-89F0-D227B21E44AA}.Debug|x64.ActiveCfg = Debug|x64
		{D3CB3ED0-FCF9-4171-89F0-D227B21E44AA}.Debug|x64.Build.0 = Debug|x64
		{D3CB3ED0-FCF9-4171-89F0-D227B21E44AA}.Debug|x86.ActiveCfg = Debug|Win32
		{D3CB3ED0-FCF9-4171-89F0-D227B21E44AA}.Debug|x86.Build.0 = Debug|Win32
		{D3CB3ED0-FCF9-4171-89F0-D227B21E44AA}.Release|x64.ActiveCfg = Release|x64
		{D3CB3ED0-FCF9-4171-89F0-D227B21E44AA}.Release|x64.Build.0 = Release|x64
		{D3CB3ED0-FCF9-4171-89F0-D227B21E44AA}.Release|x86.ActiveCfg = Release|Win32
		{D3CB3ED0-FCF9-4171-89F0-D227B21E44AA}.Release|x86.Build.0 = Release|Win32
		{D2AB3EA4-38C4-4074-8B30-94182AFDBFE6}.Debug|x64.ActiveCfg = Debug|x64
		{D2AB3EA4-38C4-4074-8B30-94182AFDBFE6}.Debug|x64.Build.0 = Debug|x64
		{D2AB3EA4-38C4-4074-8B30-94182AFDBFE6}.Debug|x86.ActiveCfg = Debug|Win32
		{D2AB3EA4-38C4-4074-8B30-94182AFDBFE6}.Debug|x86.Build.0 = Debug|Win32
		{D2AB3EA4-38C4-4074-8B30-94182AFDBFE6}.Release|x64.ActiveCfg = Release|x64
		{D2AB3EA4-38C4-4074-8B30-94182AFDBFE6}.Release|x64.Build.0 = Release|x64
		{D2AB3EA4-38C4-4074-8B30-94182AFDBFE6}.Release|x86.ActiveCfg = Release|Win32
		{D2AB3EA4-38C4-4074-8B30-94182AFDBFE6}.Release|x86.Build.0 = Release|Win32
		{D181F1E0-9260-448D-B555-2ED30ADD08AC}.Debug|x64.ActiveCfg = Debug|x64
		{D181F1E0-9260-448D-B555-2ED30ADD08AC}.Debug|x64.Build.0 = Debug|x64
		{D181F1E0-9260-448D-B555-2ED30ADD08AC}.Debug|x86.ActiveCfg = Debug|Win32
		{D181F1E0-9260-448D-B555-2ED30ADD08AC}.Debug|x86.Build.0 = Debug|Win32
		{D181F1E0-9260-448D-B555-2ED30ADD08AC}.Release|x64.ActiveCfg = Release|x64
		{D181F1E0-9260-448D-B555-2ED30ADD08AC}.Release|x64.Build.0 = Release|x64
		{D181F1E0-9260-448D-B555-2ED30ADD08AC}.Release|x86.ActiveCfg = Release|Win32
		{D181F1E0-9260-448D-B555-2ED30ADD08AC}.Release|x86.Build.0 = Release|Win32
		{05DE11F0-EDDF-4FD8-9965-F51577C8489F}.Debug|x64.ActiveCfg = Debug|x64
		{05DE11F0-EDDF-4FD8-9965-F51577C8489F}.Debug|x64.Build.0 = Debug|x64
		{05DE11F0-EDDF-4FD8-9965-F51577C8489F}.Debug|x86.ActiveCfg = Debug|Win32
		{05DE11F0-EDDF-4FD8-9965-F51577C8489F}.Debug|x86.Build.0 = Debug|Win32
		{05DE11F0-EDDF-4FD8-9965-F51577C8489F}.Release|x64.ActiveCfg = Release|x64
		{05DE11F0-EDDF-4FD8-9965-F51577C8489F}.Release|x64.Build.0 = Release|x64
		{05DE11F0-EDDF-4FD8-9965-F51577C8489F}.Release|x86.ActiveCfg = Release|Win32
		{05DE11F0-EDDF-4FD8-9965-F51577C8489F}.Release|x86.Build.0 = Release|Win32
		{6AE43A79-0DF4-481B-AD6C-33373F8738E5}.Debug|x64.ActiveCfg = Debug|x64
		{6AE43A79-0DF4-481B-AD6C-33373F8738E5}.Debug|x64.Build.0 = Debug|x64
		{6AE43A79-0DF4-481B-AD6C-33373F8738E5}.Debug|x86.ActiveCfg = Debug|Win32
		{6AE43A79-0DF4-481B-AD6C-33373F8738E5}.Debug|x86.Build.0 = Debug|Win32
		{6AE43A79-0DF4-481B-AD6C-33373F8738E5}.Release|x64.ActiveCfg = Release|x64
		{6AE43A79-0DF4-481B-AD6C-33373F8738E5}.Release|x64.Build.0 = Release|x64
		{6AE43A79-0DF4-481B-AD6C-33373F8738E5}.Release|x86.ActiveCfg = Release|Win32
		{6AE43A79-0DF4-481B-AD6C-33373F8738E5}.Release|x86.Build.0 = Release|Win32
		{C2E5E6BE-76B3-41EE-B32F-5592928887A8}.Debug|x64.ActiveCfg = Debug|x64
		{C2E5E6BE-76B3-41EE-B32F-5592928887A8}.Debug|x64.Build.0 = Debug|x64
		{C2E5E6BE-76B3-41EE-B32F-5592928887A8}.Debug|x86.ActiveCfg = Debug|Win32
		{C2E5E6BE-76B3-41EE-B32F-5592928887A8}.Debug|x86.Build.0 = Debug|Win32
		{C2E5E6BE-76B3-41EE-B32F-5592928887A8}.Release|x64.ActiveCfg = Release|x64
		{C2E5E6BE-76B3-41EE-B32F-5592928887A8}.Release|x64.Build.0 = Release|x64
		{C2E5E6BE-76B3-41EE-B32F-5592928887A8}.Release|x86.ActiveCfg = Release|Win32
		{C2E5E6BE-76B3-41EE-B32F-5592928887A8}.Release|x86.Build.0 = Release|Win32
		{03B87156-B73F-4EA1-BDA5-DBF72AAABEFE}.Debug|x64.ActiveCfg = Debug|x64
		{03B87156-B73F-4EA1-BDA5-DBF72AAABEFE}.Debug|x64.Build.0 = Debug|x64
		{03B87156-B73F-4EA1-BDA5-DBF72AAABEFE}.Debug|x86.ActiveCfg = Debug|Win32
		{03B87156-B73F-4EA1-BDA5-DBF72AAABEFE}.Debug|x86.Build.0 = Debug|Win32
		{03B87156-B73F-4EA1-BDA5-DBF72AAABEFE}.Release|x64.ActiveCfg = Release|x64
		{03B87156-B73F-4EA1-BDA5-DBF72AAABEFE}.Release|x64.Build.0 = Release|x64
		{03B87156-B73F-4EA1-BDA5-DBF72AAABEFE}.Release|x86.ActiveCfg = Release|Win32
		{03B87156-B73F-4EA1-BDA5-DBF72AAABEFE}.Release|x86.Build.0 = Release|Win32
		{343AC231-37D9-406A-B074-4665249280F6}.Debug|x64.ActiveCfg = Debug|x64
		{343AC231-37D9-406A-B074-4665249280F6}.Debug|x64.Build.0 = Debug|x64
		{343AC231-37D9-406A-B074-4665249280F6}.Debug|x86.ActiveCfg = Debug|Win32
		{343AC231-37D9-406A-B074-4665249280F6}.Debug|x86.Build.0 = Debug|Win32
		{343AC231-37D9-406A-B074-4665249280F6}.Release|x64.ActiveCfg = Release|x64
		{343AC231-37D9-406A-B074-4665249280F6}.Release|x64.Build.0 = Release|x64
		{343AC231-37D9-406A-B074-4665249280F6}.Release|x86.ActiveCfg = Release|Win32
		{343AC231-37D9-406A-B074-4665249280F6}.Release|x86.Build.0 = Release|Win32
		{E32C5B6F-C983-4BC2-A3F7-8D0CFD02247D}.Debug|x64.ActiveCfg = Debug|x64
		{E32C5B6F-C983-4BC2-A3F7-8D0CFD02247D}.Debug|x64.Build.0 = Debug|x64
		{E32C5B6F-C983-4BC2-A3F7-8D0CFD02247D}.Debug|x86.ActiveCfg = Debug|Win32
		{E32C5B6F-C983-4BC2-A3F7-8D0CFD02247D}.Debug|x86.Build.0 = Debug|Win32
		{E32C5B6F-C983-4BC2-A3F7-8D0CFD02247D}.Release|x64.ActiveCfg = Release|x64
		{E32C5B6F-C983-4BC2-A3F7-8D0CFD02247D}.Release|x64.Build.0 = Release|x64
		{E32C5B6F-C983-4BC2-A3F7-8D0CFD02247D}.Release|x86.ActiveCfg = Release|Win32
		{E32C5B6F-C983-4BC2-A3F7-8D0CFD02247D}.Release|x86.Build.0 = Release|Win32
	EndGlobalSection
	GlobalSection(SolutionProperties) = preSolution
		HideSolutionNode = FALSE
	EndGlobalSection
	GlobalSection(NestedProjects) = preSolution
		{F4432DE1-47AA-39CC-A372-A6D6B845F637} = {E6D9C159-DAE0-4C79-8D37-318D41E25CB3}
		{D0750D97-4DA2-4643-8CCA-C7C09BA9E752} = {E6D9C159-DAE0-4C79-8D37-318D41E25CB3}
		{B82DB3FB-E3E0-4E02-A124-C8CC2CAE965F} = {7310081F-EC06-411F-ACE3-4EDEF7925A5B}
		{784479AF-50BB-4B31-BCB1-FBA151622E5B} = {7310081F-EC06-411F-ACE3-4EDEF7925A5B}
		{79F7366C-375A-4400-B32B-A0970C4CF1A9} = {7310081F-EC06-411F-ACE3-4EDEF7925A5B}
		{3D88CA03-359A-4028-BE4E-BE557304C919} = {7310081F-EC06-411F-ACE3-4EDEF7925A5B}
		{E7A23B93-7A8F-4EE1-9690-4B314C21127F} = {7310081F-EC06-411F-ACE3-4EDEF7925A5B}
		{BAF309B5-CDF2-48E9-BAAC-A0BF89E3EBCB} = {7310081F-EC06-411F-ACE3-4EDEF7925A5B}
		{67025351-BCC5-4979-A04C-3A6ADED1A238} = {9A398529-D691-4A05-8CB9-62025743C060}
		{EBEBF752-03F1-4E81-8A79-A71363E6D983} = {3B8FB914-B6C0-434F-BEE2-4A80DBE81513}
		{4D892957-EB8A-4CE4-B649-7BFA37BAF6A5} = {6DDED766-70B5-4D23-9570-2141AA158F09}
		{0CE8825F-E2A6-4930-A3EE-5AB37DC90558} = {36229678-0DA3-456E-892D-2FAFCF743044}
		{DAEC222A-4E69-43AF-8ECB-F37468BDAEDB} = {36229678-0DA3-456E-892D-2FAFCF743044}
		{65A24E27-F976-4C97-88C2-EDDBEF79478E} = {6F42AF5B-0C86-448D-8E7A-96AEA4FC2D22}
		{E1D55985-1879-4C08-BD0F-6E3357A05A6F} = {3B8FB914-B6C0-434F-BEE2-4A80DBE81513}
		{43B26FE9-8696-4F89-B8AF-F2CED84D6626} = {3B8FB914-B6C0-434F-BEE2-4A80DBE81513}
		{18B778FC-4042-440A-9DAF-BEB0B6951AEA} = {C5BE0E30-D355-40B3-8AA2-8BF1E660F41B}
		{ACC97F80-083C-4015-8E87-15F84B3EC1FC} = {6DDED766-70B5-4D23-9570-2141AA158F09}
		{9F8D2E42-3275-4606-A816-02A27DFA22C6} = {6DDED766-70B5-4D23-9570-2141AA158F09}
		{A74370EF-DE2F-40D2-AF38-266BF7AB1675} = {C5BE0E30-D355-40B3-8AA2-8BF1E660F41B}
		{A9C0FF15-B0CC-42A7-85B6-EC6560284E07} = {36229678-0DA3-456E-892D-2FAFCF743044}
		{C0CB8224-710B-4EDC-8BAB-9E29EEE368A2} = {36229678-0DA3-456E-892D-2FAFCF743044}
		{EEA43084-2A68-4C30-B676-3BB85AAF7AF7} = {3B8FB914-B6C0-434F-BEE2-4A80DBE81513}
		{6CB92251-B3CC-445D-926A-3BA5FF7F477B} = {6F42AF5B-0C86-448D-8E7A-96AEA4FC2D22}
		{1C460CD6-4426-495C-BF69-C1001C63F085} = {6DDED766-70B5-4D23-9570-2141AA158F09}
		{1F15644D-B0A4-464D-951C-A85711E36E8B} = {6F42AF5B-0C86-448D-8E7A-96AEA4FC2D22}
		{332CA52D-36DA-4FBA-A474-F67A15094DD9} = {6F42AF5B-0C86-448D-8E7A-96AEA4FC2D22}
		{B5328ACB-A15D-4B24-A114-29A747D2EF11} = {6F42AF5B-0C86-448D-8E7A-96AEA4FC2D22}
		{E8DC4E4B-0FAE-40CE-90C7-DF8D7F669DFA} = {36229678-0DA3-456E-892D-2FAFCF743044}
		{6CE35319-51FC-41F0-9E33-7F5826CF49A0} = {3B8FB914-B6C0-434F-BEE2-4A80DBE81513}
		{36229678-0DA3-456E-892D-2FAFCF743044} = {DD44D0EE-DF7F-410C-988A-107BEA8A0058}
		{9A398529-D691-4A05-8CB9-62025743C060} = {DD44D0EE-DF7F-410C-988A-107BEA8A0058}
		{3B8FB914-B6C0-434F-BEE2-4A80DBE81513} = {DD44D0EE-DF7F-410C-988A-107BEA8A0058}
		{6DDED766-70B5-4D23-9570-2141AA158F09} = {DD44D0EE-DF7F-410C-988A-107BEA8A0058}
		{6F42AF5B-0C86-448D-8E7A-96AEA4FC2D22} = {DD44D0EE-DF7F-410C-988A-107BEA8A0058}
		{3EB8D0F6-B52B-4BEC-8E94-2987616681AC} = {3B8FB914-B6C0-434F-BEE2-4A80DBE81513}
		{1055D7A3-B9D7-4DAC-A496-899E485ACE4E} = {6DDED766-70B5-4D23-9570-2141AA158F09}
		{84079E54-8A3F-4436-AE2E-D03346BAF410} = {6DDED766-70B5-4D23-9570-2141AA158F09}
		{1F6153EA-9D3E-415A-8D2F-252BED2C0E5C} = {C5BE0E30-D355-40B3-8AA2-8BF1E660F41B}
		{35665731-EBF6-46BD-8223-01AAD39C8BAF} = {6DDED766-70B5-4D23-9570-2141AA158F09}
		{E9F281C6-198C-4132-99F1-5367F587CC93} = {6F42AF5B-0C86-448D-8E7A-96AEA4FC2D22}
		{C0AEF34B-4BAE-4BCE-877F-94B53705C413} = {7310081F-EC06-411F-ACE3-4EDEF7925A5B}
		{C5BE0E30-D355-40B3-8AA2-8BF1E660F41B} = {DD44D0EE-DF7F-410C-988A-107BEA8A0058}
		{ED32BF37-5AB6-4AE9-A623-A38E9AC487D5} = {6F42AF5B-0C86-448D-8E7A-96AEA4FC2D22}
		{1FD06CAA-3018-4557-B339-459D62FB43AA} = {6F42AF5B-0C86-448D-8E7A-96AEA4FC2D22}
		{D3CB3ED0-FCF9-4171-89F0-D227B21E44AA} = {9A398529-D691-4A05-8CB9-62025743C060}
		{D2AB3EA4-38C4-4074-8B30-94182AFDBFE6} = {9A398529-D691-4A05-8CB9-62025743C060}
		{D181F1E0-9260-448D-B555-2ED30ADD08AC} = {9A398529-D691-4A05-8CB9-62025743C060}
		{05DE11F0-EDDF-4FD8-9965-F51577C8489F} = {9A398529-D691-4A05-8CB9-62025743C060}
		{6AE43A79-0DF4-481B-AD6C-33373F8738E5} = {9A398529-D691-4A05-8CB9-62025743C060}
		{C2E5E6BE-76B3-41EE-B32F-5592928887A8} = {9A398529-D691-4A05-8CB9-62025743C060}
		{03B87156-B73F-4EA1-BDA5-DBF72AAABEFE} = {9A398529-D691-4A05-8CB9-62025743C060}
		{343AC231-37D9-406A-B074-4665249280F6} = {9A398529-D691-4A05-8CB9-62025743C060}
		{E32C5B6F-C983-4BC2-A3F7-8D0CFD02247D} = {7310081F-EC06-411F-ACE3-4EDEF7925A5B}
	EndGlobalSection
EndGlobal
