<?xml version="1.0" encoding="utf-8"?>
<Project ToolsVersion="4.0" xmlns="http://schemas.microsoft.com/developer/msbuild/2003">
  <ItemGroup>
    <Filter Include="Source Files">
      <UniqueIdentifier>{4FC737F1-C7A5-4376-A066-2A32D752A2FF}</UniqueIdentifier>
      <Extensions>cpp;c;cc;cxx;def;odl;idl;hpj;bat;asm;asmx</Extensions>
    </Filter>
    <Filter Include="Header Files">
      <UniqueIdentifier>{93995380-89BD-4b04-88EB-625FBE52EBFB}</UniqueIdentifier>
      <Extensions>h;hh;hpp;hxx;hm;inl;inc;xsd</Extensions>
    </Filter>
    <Filter Include="Resource Files">
      <UniqueIdentifier>{67DA6AB6-F800-4c08-8B7A-83BB121AAD01}</UniqueIdentifier>
      <Extensions>rc;ico;cur;bmp;dlg;rc2;rct;bin;rgs;gif;jpg;jpeg;jpe;resx;tiff;tif;png;wav;mfcribbon-ms</Extensions>
    </Filter>
  </ItemGroup>
  <ItemGroup>
    <ClInclude Include="CrowdSim.h">
      <Filter>Header Files</Filter>
    </ClInclude>
    <ClInclude Include="grid.h">
      <Filter>Header Files</Filter>
    </ClInclude>
    <ClInclude Include="obstacle.h">
      <Filter>Header Files</Filter>
    </ClInclude>
    <ClInclude Include="waypoint.h">
      <Filter>Header Files</Filter>
    </ClInclude>
    <ClInclude Include="agent.h">
      <Filter>Header Files</Filter>
    </ClInclude>
    <ClInclude Include="cell.h">
      <Filter>Header Files</Filter>
    </ClInclude>
    <ClInclude Include="config.h">
      <Filter>Header Files</Filter>
    </ClInclude>
    <ClInclude Include="scene.h">
      <Filter>Header Files</Filter>
    </ClInclude>
    <ClInclude Include="tree.h">
      <Filter>Header Files</Filter>
    </ClInclude>
    <ClInclude Include="micropather.h">
      <Filter>Header Files</Filter>
    </ClInclude>
    <ClInclude Include="PathPlanner.h">
      <Filter>Header Files</Filter>
    </ClInclude>
    <ClInclude Include="libpedsim\ped_tree.h">
      <Filter>Header Files</Filter>
    </ClInclude>
    <ClInclude Include="libpedsim\ped_vector.h">
      <Filter>Header Files</Filter>
    </ClInclude>
    <ClInclude Include="libpedsim\ped_waypoint.h">
      <Filter>Header Files</Filter>
    </ClInclude>
    <ClInclude Include="libpedsim\ped_agent.h">
      <Filter>Header Files</Filter>
    </ClInclude>
    <ClInclude Include="libpedsim\ped_includes.h">
      <Filter>Header Files</Filter>
    </ClInclude>
    <ClInclude Include="libpedsim\ped_obstacle.h">
      <Filter>Header Files</Filter>
    </ClInclude>
    <ClInclude Include="libpedsim\ped_outputwriter.h">
      <Filter>Header Files</Filter>
    </ClInclude>
    <ClInclude Include="libpedsim\ped_scene.h">
      <Filter>Header Files</Filter>
    </ClInclude>
  </ItemGroup>
  <ItemGroup>
    <ClCompile Include="CrowdSim.cpp">
      <Filter>Source Files</Filter>
    </ClCompile>
    <ClCompile Include="obstacle.cpp">
      <Filter>Source Files</Filter>
    </ClCompile>
    <ClCompile Include="waypoint.cpp">
      <Filter>Source Files</Filter>
    </ClCompile>
    <ClCompile Include="agent.cpp">
      <Filter>Source Files</Filter>
    </ClCompile>
    <ClCompile Include="cell.cpp">
      <Filter>Source Files</Filter>
    </ClCompile>
    <ClCompile Include="grid.cpp">
      <Filter>Source Files</Filter>
    </ClCompile>
    <ClCompile Include="scene.cpp">
      <Filter>Source Files</Filter>
    </ClCompile>
    <ClCompile Include="tree.cpp">
      <Filter>Source Files</Filter>
    </ClCompile>
    <ClCompile Include="micropather.cpp">
      <Filter>Source Files</Filter>
    </ClCompile>
    <ClCompile Include="PathPlanner.cpp">
      <Filter>Source Files</Filter>
    </ClCompile>
    <ClCompile Include="libpedsim\ped_tree.cpp">
      <Filter>Source Files</Filter>
    </ClCompile>
    <ClCompile Include="libpedsim\ped_vector.cpp">
      <Filter>Source Files</Filter>
    </ClCompile>
    <ClCompile Include="libpedsim\ped_waypoint.cpp">
      <Filter>Source Files</Filter>
    </ClCompile>
    <ClCompile Include="libpedsim\ped_agent.cpp">
      <Filter>Source Files</Filter>
    </ClCompile>
    <ClCompile Include="libpedsim\ped_obstacle.cpp">
      <Filter>Source Files</Filter>
    </ClCompile>
    <ClCompile Include="libpedsim\ped_outputwriter.cpp">
      <Filter>Source Files</Filter>
    </ClCompile>
    <ClCompile Include="libpedsim\ped_scene.cpp">
      <Filter>Source Files</Filter>
    </ClCompile>
  </ItemGroup>
</Project>