
Microsoft Visual Studio Solution File, Format Version 12.00
# Visual Studio 14
VisualStudioVersion = 14.0.25420.1
MinimumVisualStudioVersion = 10.0.40219.1
Project("{FAE04EC0-301F-11D3-BF4B-00C04F79EFBC}") = "AtlasPluginTemplate", "AtlasPluginTemplate\AtlasPluginTemplate.csproj", "{232568CC-9933-49AF-8CD5-6679EBEA9EB1}"
EndProject
Project("{FAE04EC0-301F-11D3-BF4B-00C04F79EFBC}") = "AtlasPluginWizard", "AtlasPluginWizard\AtlasPluginWizard.csproj", "{8193CB14-B20F-40B0-8EB5-F3EB52DFDC2B}"
EndProject
Project("{FAE04EC0-301F-11D3-BF4B-00C04F79EFBC}") = "AtlasPluginExtension", "AtlasPluginExtension\AtlasPluginExtension.csproj", "{3FA2484D-C68A-4E95-A1E0-6D0384F96326}"
EndProject
Global
	GlobalSection(SolutionConfigurationPlatforms) = preSolution
		Debug|Any CPU = Debug|Any CPU
		Release|Any CPU = Release|Any CPU
	EndGlobalSection
	GlobalSection(ProjectConfigurationPlatforms) = postSolution
		{232568CC-9933-49AF-8CD5-6679EBEA9EB1}.Debug|Any CPU.ActiveCfg = Debug|Any CPU
		{232568CC-9933-49AF-8CD5-6679EBEA9EB1}.Debug|Any CPU.Build.0 = Debug|Any CPU
		{232568CC-9933-49AF-8CD5-6679EBEA9EB1}.Release|Any CPU.ActiveCfg = Release|Any CPU
		{232568CC-9933-49AF-8CD5-6679EBEA9EB1}.Release|Any CPU.Build.0 = Release|Any CPU
		{8193CB14-B20F-40B0-8EB5-F3EB52DFDC2B}.Debug|Any CPU.ActiveCfg = Debug|Any CPU
		{8193CB14-B20F-40B0-8EB5-F3EB52DFDC2B}.Debug|Any CPU.Build.0 = Debug|Any CPU
		{8193CB14-B20F-40B0-8EB5-F3EB52DFDC2B}.Release|Any CPU.ActiveCfg = Release|Any CPU
		{8193CB14-B20F-40B0-8EB5-F3EB52DFDC2B}.Release|Any CPU.Build.0 = Release|Any CPU
		{3FA2484D-C68A-4E95-A1E0-6D0384F96326}.Debug|Any CPU.ActiveCfg = Debug|Any CPU
		{3FA2484D-C68A-4E95-A1E0-6D0384F96326}.Debug|Any CPU.Build.0 = Debug|Any CPU
		{3FA2484D-C68A-4E95-A1E0-6D0384F96326}.Release|Any CPU.ActiveCfg = Release|Any CPU
		{3FA2484D-C68A-4E95-A1E0-6D0384F96326}.Release|Any CPU.Build.0 = Release|Any CPU
	EndGlobalSection
	GlobalSection(SolutionProperties) = preSolution
		HideSolutionNode = FALSE
	EndGlobalSection
EndGlobal
